// !$*UTF8*$!
{
	archiveVersion = 1;
	classes = {
	};
	objectVersion = 55;
	objects = {

/* Begin PBXBuildFile section */
		15F085612783660F00EF38FF /* AppDelegate.swift in Sources */ = {isa = PBXBuildFile; fileRef = 15F085602783660F00EF38FF /* AppDelegate.swift */; };
		15F085632783660F00EF38FF /* SceneDelegate.swift in Sources */ = {isa = PBXBuildFile; fileRef = 15F085622783660F00EF38FF /* SceneDelegate.swift */; };
		15F085652783660F00EF38FF /* ViewController.swift in Sources */ = {isa = PBXBuildFile; fileRef = 15F085642783660F00EF38FF /* ViewController.swift */; };
		15F085682783660F00EF38FF /* Main.storyboard in Resources */ = {isa = PBXBuildFile; fileRef = 15F085662783660F00EF38FF /* Main.storyboard */; };
		15F0856A2783660F00EF38FF /* Assets.xcassets in Resources */ = {isa = PBXBuildFile; fileRef = 15F085692783660F00EF38FF /* Assets.xcassets */; };
		15F0856D2783660F00EF38FF /* LaunchScreen.storyboard in Resources */ = {isa = PBXBuildFile; fileRef = 15F0856B2783660F00EF38FF /* LaunchScreen.storyboard */; };
		15F085782783661000EF38FF /* JsonParseUsageTests.swift in Sources */ = {isa = PBXBuildFile; fileRef = 15F085772783661000EF38FF /* JsonParseUsageTests.swift */; };
		15F085822783661000EF38FF /* JsonParseUsageUITests.swift in Sources */ = {isa = PBXBuildFile; fileRef = 15F085812783661000EF38FF /* JsonParseUsageUITests.swift */; };
		15F085842783661000EF38FF /* JsonParseUsageUITestsLaunchTests.swift in Sources */ = {isa = PBXBuildFile; fileRef = 15F085832783661000EF38FF /* JsonParseUsageUITestsLaunchTests.swift */; };
		15F08591278373EF00EF38FF /* Kisiler.swift in Sources */ = {isa = PBXBuildFile; fileRef = 15F08590278373EF00EF38FF /* Kisiler.swift */; };
		15F08593278374BD00EF38FF /* KisiCevap.swift in Sources */ = {isa = PBXBuildFile; fileRef = 15F08592278374BD00EF38FF /* KisiCevap.swift */; };
		15F08595278378F700EF38FF /* Kategori.swift in Sources */ = {isa = PBXBuildFile; fileRef = 15F08594278378F700EF38FF /* Kategori.swift */; };
		15F085972783792600EF38FF /* Yonetmen.swift in Sources */ = {isa = PBXBuildFile; fileRef = 15F085962783792600EF38FF /* Yonetmen.swift */; };
		15F085992783794600EF38FF /* Filmler.swift in Sources */ = {isa = PBXBuildFile; fileRef = 15F085982783794600EF38FF /* Filmler.swift */; };
		15F0859B27837AA400EF38FF /* FilmlerCevap.swift in Sources */ = {isa = PBXBuildFile; fileRef = 15F0859A27837AA400EF38FF /* FilmlerCevap.swift */; };
/* End PBXBuildFile section */

/* Begin PBXContainerItemProxy section */
		15F085742783661000EF38FF /* PBXContainerItemProxy */ = {
			isa = PBXContainerItemProxy;
			containerPortal = 15F085552783660F00EF38FF /* Project object */;
			proxyType = 1;
			remoteGlobalIDString = 15F0855C2783660F00EF38FF;
			remoteInfo = JsonParseUsage;
		};
		15F0857E2783661000EF38FF /* PBXContainerItemProxy */ = {
			isa = PBXContainerItemProxy;
			containerPortal = 15F085552783660F00EF38FF /* Project object */;
			proxyType = 1;
			remoteGlobalIDString = 15F0855C2783660F00EF38FF;
			remoteInfo = JsonParseUsage;
		};
/* End PBXContainerItemProxy section */

/* Begin PBXFileReference section */
		15F0855D2783660F00EF38FF /* JsonParseUsage.app */ = {isa = PBXFileReference; explicitFileType = wrapper.application; includeInIndex = 0; path = JsonParseUsage.app; sourceTree = BUILT_PRODUCTS_DIR; };
		15F085602783660F00EF38FF /* AppDelegate.swift */ = {isa = PBXFileReference; lastKnownFileType = sourcecode.swift; path = AppDelegate.swift; sourceTree = "<group>"; };
		15F085622783660F00EF38FF /* SceneDelegate.swift */ = {isa = PBXFileReference; lastKnownFileType = sourcecode.swift; path = SceneDelegate.swift; sourceTree = "<group>"; };
		15F085642783660F00EF38FF /* ViewController.swift */ = {isa = PBXFileReference; lastKnownFileType = sourcecode.swift; path = ViewController.swift; sourceTree = "<group>"; };
		15F085672783660F00EF38FF /* Base */ = {isa = PBXFileReference; lastKnownFileType = file.storyboard; name = Base; path = Base.lproj/Main.storyboard; sourceTree = "<group>"; };
		15F085692783660F00EF38FF /* Assets.xcassets */ = {isa = PBXFileReference; lastKnownFileType = folder.assetcatalog; path = Assets.xcassets; sourceTree = "<group>"; };
		15F0856C2783660F00EF38FF /* Base */ = {isa = PBXFileReference; lastKnownFileType = file.storyboard; name = Base; path = Base.lproj/LaunchScreen.storyboard; sourceTree = "<group>"; };
		15F0856E2783660F00EF38FF /* Info.plist */ = {isa = PBXFileReference; lastKnownFileType = text.plist.xml; path = Info.plist; sourceTree = "<group>"; };
		15F085732783661000EF38FF /* JsonParseUsageTests.xctest */ = {isa = PBXFileReference; explicitFileType = wrapper.cfbundle; includeInIndex = 0; path = JsonParseUsageTests.xctest; sourceTree = BUILT_PRODUCTS_DIR; };
		15F085772783661000EF38FF /* JsonParseUsageTests.swift */ = {isa = PBXFileReference; lastKnownFileType = sourcecode.swift; path = JsonParseUsageTests.swift; sourceTree = "<group>"; };
		15F0857D2783661000EF38FF /* JsonParseUsageUITests.xctest */ = {isa = PBXFileReference; explicitFileType = wrapper.cfbundle; includeInIndex = 0; path = JsonParseUsageUITests.xctest; sourceTree = BUILT_PRODUCTS_DIR; };
		15F085812783661000EF38FF /* JsonParseUsageUITests.swift */ = {isa = PBXFileReference; lastKnownFileType = sourcecode.swift; path = JsonParseUsageUITests.swift; sourceTree = "<group>"; };
		15F085832783661000EF38FF /* JsonParseUsageUITestsLaunchTests.swift */ = {isa = PBXFileReference; lastKnownFileType = sourcecode.swift; path = JsonParseUsageUITestsLaunchTests.swift; sourceTree = "<group>"; };
		15F08590278373EF00EF38FF /* Kisiler.swift */ = {isa = PBXFileReference; lastKnownFileType = sourcecode.swift; path = Kisiler.swift; sourceTree = "<group>"; };
		15F08592278374BD00EF38FF /* KisiCevap.swift */ = {isa = PBXFileReference; lastKnownFileType = sourcecode.swift; path = KisiCevap.swift; sourceTree = "<group>"; };
		15F08594278378F700EF38FF /* Kategori.swift */ = {isa = PBXFileReference; lastKnownFileType = sourcecode.swift; path = Kategori.swift; sourceTree = "<group>"; };
		15F085962783792600EF38FF /* Yonetmen.swift */ = {isa = PBXFileReference; lastKnownFileType = sourcecode.swift; path = Yonetmen.swift; sourceTree = "<group>"; };
		15F085982783794600EF38FF /* Filmler.swift */ = {isa = PBXFileReference; lastKnownFileType = sourcecode.swift; path = Filmler.swift; sourceTree = "<group>"; };
		15F0859A27837AA400EF38FF /* FilmlerCevap.swift */ = {isa = PBXFileReference; lastKnownFileType = sourcecode.swift; path = FilmlerCevap.swift; sourceTree = "<group>"; };
/* End PBXFileReference section */

/* Begin PBXFrameworksBuildPhase section */
		15F0855A2783660F00EF38FF /* Frameworks */ = {
			isa = PBXFrameworksBuildPhase;
			buildActionMask = 2147483647;
			files = (
			);
			runOnlyForDeploymentPostprocessing = 0;
		};
		15F085702783661000EF38FF /* Frameworks */ = {
			isa = PBXFrameworksBuildPhase;
			buildActionMask = 2147483647;
			files = (
			);
			runOnlyForDeploymentPostprocessing = 0;
		};
		15F0857A2783661000EF38FF /* Frameworks */ = {
			isa = PBXFrameworksBuildPhase;
			buildActionMask = 2147483647;
			files = (
			);
			runOnlyForDeploymentPostprocessing = 0;
		};
/* End PBXFrameworksBuildPhase section */

/* Begin PBXGroup section */
		15F085542783660F00EF38FF = {
			isa = PBXGroup;
			children = (
				15F0855F2783660F00EF38FF /* JsonParseUsage */,
				15F085762783661000EF38FF /* JsonParseUsageTests */,
				15F085802783661000EF38FF /* JsonParseUsageUITests */,
				15F0855E2783660F00EF38FF /* Products */,
			);
			sourceTree = "<group>";
		};
		15F0855E2783660F00EF38FF /* Products */ = {
			isa = PBXGroup;
			children = (
				15F0855D2783660F00EF38FF /* JsonParseUsage.app */,
				15F085732783661000EF38FF /* JsonParseUsageTests.xctest */,
				15F0857D2783661000EF38FF /* JsonParseUsageUITests.xctest */,
			);
			name = Products;
			sourceTree = "<group>";
		};
		15F0855F2783660F00EF38FF /* JsonParseUsage */ = {
			isa = PBXGroup;
			children = (
				15F085602783660F00EF38FF /* AppDelegate.swift */,
				15F085622783660F00EF38FF /* SceneDelegate.swift */,
				15F085642783660F00EF38FF /* ViewController.swift */,
				15F085662783660F00EF38FF /* Main.storyboard */,
				15F085692783660F00EF38FF /* Assets.xcassets */,
				15F0856B2783660F00EF38FF /* LaunchScreen.storyboard */,
				15F0856E2783660F00EF38FF /* Info.plist */,
				15F08590278373EF00EF38FF /* Kisiler.swift */,
				15F08592278374BD00EF38FF /* KisiCevap.swift */,
				15F08594278378F700EF38FF /* Kategori.swift */,
				15F085962783792600EF38FF /* Yonetmen.swift */,
				15F085982783794600EF38FF /* Filmler.swift */,
				15F0859A27837AA400EF38FF /* FilmlerCevap.swift */,
			);
			path = JsonParseUsage;
			sourceTree = "<group>";
		};
		15F085762783661000EF38FF /* JsonParseUsageTests */ = {
			isa = PBXGroup;
			children = (
				15F085772783661000EF38FF /* JsonParseUsageTests.swift */,
			);
			path = JsonParseUsageTests;
			sourceTree = "<group>";
		};
		15F085802783661000EF38FF /* JsonParseUsageUITests */ = {
			isa = PBXGroup;
			children = (
				15F085812783661000EF38FF /* JsonParseUsageUITests.swift */,
				15F085832783661000EF38FF /* JsonParseUsageUITestsLaunchTests.swift */,
			);
			path = JsonParseUsageUITests;
			sourceTree = "<group>";
		};
/* End PBXGroup section */

/* Begin PBXNativeTarget section */
		15F0855C2783660F00EF38FF /* JsonParseUsage */ = {
			isa = PBXNativeTarget;
			buildConfigurationList = 15F085872783661000EF38FF /* Build configuration list for PBXNativeTarget "JsonParseUsage" */;
			buildPhases = (
				15F085592783660F00EF38FF /* Sources */,
				15F0855A2783660F00EF38FF /* Frameworks */,
				15F0855B2783660F00EF38FF /* Resources */,
			);
			buildRules = (
			);
			dependencies = (
			);
			name = JsonParseUsage;
			productName = JsonParseUsage;
			productReference = 15F0855D2783660F00EF38FF /* JsonParseUsage.app */;
			productType = "com.apple.product-type.application";
		};
		15F085722783661000EF38FF /* JsonParseUsageTests */ = {
			isa = PBXNativeTarget;
			buildConfigurationList = 15F0858A2783661000EF38FF /* Build configuration list for PBXNativeTarget "JsonParseUsageTests" */;
			buildPhases = (
				15F0856F2783661000EF38FF /* Sources */,
				15F085702783661000EF38FF /* Frameworks */,
				15F085712783661000EF38FF /* Resources */,
			);
			buildRules = (
			);
			dependencies = (
				15F085752783661000EF38FF /* PBXTargetDependency */,
			);
			name = JsonParseUsageTests;
			productName = JsonParseUsageTests;
			productReference = 15F085732783661000EF38FF /* JsonParseUsageTests.xctest */;
			productType = "com.apple.product-type.bundle.unit-test";
		};
		15F0857C2783661000EF38FF /* JsonParseUsageUITests */ = {
			isa = PBXNativeTarget;
			buildConfigurationList = 15F0858D2783661000EF38FF /* Build configuration list for PBXNativeTarget "JsonParseUsageUITests" */;
			buildPhases = (
				15F085792783661000EF38FF /* Sources */,
				15F0857A2783661000EF38FF /* Frameworks */,
				15F0857B2783661000EF38FF /* Resources */,
			);
			buildRules = (
			);
			dependencies = (
				15F0857F2783661000EF38FF /* PBXTargetDependency */,
			);
			name = JsonParseUsageUITests;
			productName = JsonParseUsageUITests;
			productReference = 15F0857D2783661000EF38FF /* JsonParseUsageUITests.xctest */;
			productType = "com.apple.product-type.bundle.ui-testing";
		};
/* End PBXNativeTarget section */

/* Begin PBXProject section */
		15F085552783660F00EF38FF /* Project object */ = {
			isa = PBXProject;
			attributes = {
				BuildIndependentTargetsInParallel = 1;
				LastSwiftUpdateCheck = 1320;
				LastUpgradeCheck = 1320;
				TargetAttributes = {
					15F0855C2783660F00EF38FF = {
						CreatedOnToolsVersion = 13.2;
					};
					15F085722783661000EF38FF = {
						CreatedOnToolsVersion = 13.2;
						TestTargetID = 15F0855C2783660F00EF38FF;
					};
					15F0857C2783661000EF38FF = {
						CreatedOnToolsVersion = 13.2;
						TestTargetID = 15F0855C2783660F00EF38FF;
					};
				};
			};
			buildConfigurationList = 15F085582783660F00EF38FF /* Build configuration list for PBXProject "JsonParseUsage" */;
			compatibilityVersion = "Xcode 13.0";
			developmentRegion = en;
			hasScannedForEncodings = 0;
			knownRegions = (
				en,
				Base,
			);
			mainGroup = 15F085542783660F00EF38FF;
			productRefGroup = 15F0855E2783660F00EF38FF /* Products */;
			projectDirPath = "";
			projectRoot = "";
			targets = (
				15F0855C2783660F00EF38FF /* JsonParseUsage */,
				15F085722783661000EF38FF /* JsonParseUsageTests */,
				15F0857C2783661000EF38FF /* JsonParseUsageUITests */,
			);
		};
/* End PBXProject section */

/* Begin PBXResourcesBuildPhase section */
		15F0855B2783660F00EF38FF /* Resources */ = {
			isa = PBXResourcesBuildPhase;
			buildActionMask = 2147483647;
			files = (
				15F0856D2783660F00EF38FF /* LaunchScreen.storyboard in Resources */,
				15F0856A2783660F00EF38FF /* Assets.xcassets in Resources */,
				15F085682783660F00EF38FF /* Main.storyboard in Resources */,
			);
			runOnlyForDeploymentPostprocessing = 0;
		};
		15F085712783661000EF38FF /* Resources */ = {
			isa = PBXResourcesBuildPhase;
			buildActionMask = 2147483647;
			files = (
			);
			runOnlyForDeploymentPostprocessing = 0;
		};
		15F0857B2783661000EF38FF /* Resources */ = {
			isa = PBXResourcesBuildPhase;
			buildActionMask = 2147483647;
			files = (
			);
			runOnlyForDeploymentPostprocessing = 0;
		};
/* End PBXResourcesBuildPhase section */

/* Begin PBXSourcesBuildPhase section */
		15F085592783660F00EF38FF /* Sources */ = {
			isa = PBXSourcesBuildPhase;
			buildActionMask = 2147483647;
			files = (
				15F085652783660F00EF38FF /* ViewController.swift in Sources */,
				15F085972783792600EF38FF /* Yonetmen.swift in Sources */,
				15F085612783660F00EF38FF /* AppDelegate.swift in Sources */,
				15F085632783660F00EF38FF /* SceneDelegate.swift in Sources */,
				15F08595278378F700EF38FF /* Kategori.swift in Sources */,
				15F085992783794600EF38FF /* Filmler.swift in Sources */,
				15F08591278373EF00EF38FF /* Kisiler.swift in Sources */,
				15F0859B27837AA400EF38FF /* FilmlerCevap.swift in Sources */,
				15F08593278374BD00EF38FF /* KisiCevap.swift in Sources */,
			);
			runOnlyForDeploymentPostprocessing = 0;
		};
		15F0856F2783661000EF38FF /* Sources */ = {
			isa = PBXSourcesBuildPhase;
			buildActionMask = 2147483647;
			files = (
				15F085782783661000EF38FF /* JsonParseUsageTests.swift in Sources */,
			);
			runOnlyForDeploymentPostprocessing = 0;
		};
		15F085792783661000EF38FF /* Sources */ = {
			isa = PBXSourcesBuildPhase;
			buildActionMask = 2147483647;
			files = (
				15F085842783661000EF38FF /* JsonParseUsageUITestsLaunchTests.swift in Sources */,
				15F085822783661000EF38FF /* JsonParseUsageUITests.swift in Sources */,
			);
			runOnlyForDeploymentPostprocessing = 0;
		};
/* End PBXSourcesBuildPhase section */

/* Begin PBXTargetDependency section */
		15F085752783661000EF38FF /* PBXTargetDependency */ = {
			isa = PBXTargetDependency;
			target = 15F0855C2783660F00EF38FF /* JsonParseUsage */;
			targetProxy = 15F085742783661000EF38FF /* PBXContainerItemProxy */;
		};
		15F0857F2783661000EF38FF /* PBXTargetDependency */ = {
			isa = PBXTargetDependency;
			target = 15F0855C2783660F00EF38FF /* JsonParseUsage */;
			targetProxy = 15F0857E2783661000EF38FF /* PBXContainerItemProxy */;
		};
/* End PBXTargetDependency section */

/* Begin PBXVariantGroup section */
		15F085662783660F00EF38FF /* Main.storyboard */ = {
			isa = PBXVariantGroup;
			children = (
				15F085672783660F00EF38FF /* Base */,
			);
			name = Main.storyboard;
			sourceTree = "<group>";
		};
		15F0856B2783660F00EF38FF /* LaunchScreen.storyboard */ = {
			isa = PBXVariantGroup;
			children = (
				15F0856C2783660F00EF38FF /* Base */,
			);
			name = LaunchScreen.storyboard;
			sourceTree = "<group>";
		};
/* End PBXVariantGroup section */

/* Begin XCBuildConfiguration section */
		15F085852783661000EF38FF /* Debug */ = {
			isa = XCBuildConfiguration;
			buildSettings = {
				ALWAYS_SEARCH_USER_PATHS = NO;
				CLANG_ANALYZER_NONNULL = YES;
				CLANG_ANALYZER_NUMBER_OBJECT_CONVERSION = YES_AGGRESSIVE;
				CLANG_CXX_LANGUAGE_STANDARD = "gnu++17";
				CLANG_CXX_LIBRARY = "libc++";
				CLANG_ENABLE_MODULES = YES;
				CLANG_ENABLE_OBJC_ARC = YES;
				CLANG_ENABLE_OBJC_WEAK = YES;
				CLANG_WARN_BLOCK_CAPTURE_AUTORELEASING = YES;
				CLANG_WARN_BOOL_CONVERSION = YES;
				CLANG_WARN_COMMA = YES;
				CLANG_WARN_CONSTANT_CONVERSION = YES;
				CLANG_WARN_DEPRECATED_OBJC_IMPLEMENTATIONS = YES;
				CLANG_WARN_DIRECT_OBJC_ISA_USAGE = YES_ERROR;
				CLANG_WARN_DOCUMENTATION_COMMENTS = YES;
				CLANG_WARN_EMPTY_BODY = YES;
				CLANG_WARN_ENUM_CONVERSION = YES;
				CLANG_WARN_INFINITE_RECURSION = YES;
				CLANG_WARN_INT_CONVERSION = YES;
				CLANG_WARN_NON_LITERAL_NULL_CONVERSION = YES;
				CLANG_WARN_OBJC_IMPLICIT_RETAIN_SELF = YES;
				CLANG_WARN_OBJC_LITERAL_CONVERSION = YES;
				CLANG_WARN_OBJC_ROOT_CLASS = YES_ERROR;
				CLANG_WARN_QUOTED_INCLUDE_IN_FRAMEWORK_HEADER = YES;
				CLANG_WARN_RANGE_LOOP_ANALYSIS = YES;
				CLANG_WARN_STRICT_PROTOTYPES = YES;
				CLANG_WARN_SUSPICIOUS_MOVE = YES;
				CLANG_WARN_UNGUARDED_AVAILABILITY = YES_AGGRESSIVE;
				CLANG_WARN_UNREACHABLE_CODE = YES;
				CLANG_WARN__DUPLICATE_METHOD_MATCH = YES;
				COPY_PHASE_STRIP = NO;
				DEBUG_INFORMATION_FORMAT = dwarf;
				ENABLE_STRICT_OBJC_MSGSEND = YES;
				ENABLE_TESTABILITY = YES;
				GCC_C_LANGUAGE_STANDARD = gnu11;
				GCC_DYNAMIC_NO_PIC = NO;
				GCC_NO_COMMON_BLOCKS = YES;
				GCC_OPTIMIZATION_LEVEL = 0;
				GCC_PREPROCESSOR_DEFINITIONS = (
					"DEBUG=1",
					"$(inherited)",
				);
				GCC_WARN_64_TO_32_BIT_CONVERSION = YES;
				GCC_WARN_ABOUT_RETURN_TYPE = YES_ERROR;
				GCC_WARN_UNDECLARED_SELECTOR = YES;
				GCC_WARN_UNINITIALIZED_AUTOS = YES_AGGRESSIVE;
				GCC_WARN_UNUSED_FUNCTION = YES;
				GCC_WARN_UNUSED_VARIABLE = YES;
				IPHONEOS_DEPLOYMENT_TARGET = 15.2;
				MTL_ENABLE_DEBUG_INFO = INCLUDE_SOURCE;
				MTL_FAST_MATH = YES;
				ONLY_ACTIVE_ARCH = YES;
				SDKROOT = iphoneos;
				SWIFT_ACTIVE_COMPILATION_CONDITIONS = DEBUG;
				SWIFT_OPTIMIZATION_LEVEL = "-Onone";
			};
			name = Debug;
		};
		15F085862783661000EF38FF /* Release */ = {
			isa = XCBuildConfiguration;
			buildSettings = {
				ALWAYS_SEARCH_USER_PATHS = NO;
				CLANG_ANALYZER_NONNULL = YES;
				CLANG_ANALYZER_NUMBER_OBJECT_CONVERSION = YES_AGGRESSIVE;
				CLANG_CXX_LANGUAGE_STANDARD = "gnu++17";
				CLANG_CXX_LIBRARY = "libc++";
				CLANG_ENABLE_MODULES = YES;
				CLANG_ENABLE_OBJC_ARC = YES;
				CLANG_ENABLE_OBJC_WEAK = YES;
				CLANG_WARN_BLOCK_CAPTURE_AUTORELEASING = YES;
				CLANG_WARN_BOOL_CONVERSION = YES;
				CLANG_WARN_COMMA = YES;
				CLANG_WARN_CONSTANT_CONVERSION = YES;
				CLANG_WARN_DEPRECATED_OBJC_IMPLEMENTATIONS = YES;
				CLANG_WARN_DIRECT_OBJC_ISA_USAGE = YES_ERROR;
				CLANG_WARN_DOCUMENTATION_COMMENTS = YES;
				CLANG_WARN_EMPTY_BODY = YES;
				CLANG_WARN_ENUM_CONVERSION = YES;
				CLANG_WARN_INFINITE_RECURSION = YES;
				CLANG_WARN_INT_CONVERSION = YES;
				CLANG_WARN_NON_LITERAL_NULL_CONVERSION = YES;
				CLANG_WARN_OBJC_IMPLICIT_RETAIN_SELF = YES;
				CLANG_WARN_OBJC_LITERAL_CONVERSION = YES;
				CLANG_WARN_OBJC_ROOT_CLASS = YES_ERROR;
				CLANG_WARN_QUOTED_INCLUDE_IN_FRAMEWORK_HEADER = YES;
				CLANG_WARN_RANGE_LOOP_ANALYSIS = YES;
				CLANG_WARN_STRICT_PROTOTYPES = YES;
				CLANG_WARN_SUSPICIOUS_MOVE = YES;
				CLANG_WARN_UNGUARDED_AVAILABILITY = YES_AGGRESSIVE;
				CLANG_WARN_UNREACHABLE_CODE = YES;
				CLANG_WARN__DUPLICATE_METHOD_MATCH = YES;
				COPY_PHASE_STRIP = NO;
				DEBUG_INFORMATION_FORMAT = "dwarf-with-dsym";
				ENABLE_NS_ASSERTIONS = NO;
				ENABLE_STRICT_OBJC_MSGSEND = YES;
				GCC_C_LANGUAGE_STANDARD = gnu11;
				GCC_NO_COMMON_BLOCKS = YES;
				GCC_WARN_64_TO_32_BIT_CONVERSION = YES;
				GCC_WARN_ABOUT_RETURN_TYPE = YES_ERROR;
				GCC_WARN_UNDECLARED_SELECTOR = YES;
				GCC_WARN_UNINITIALIZED_AUTOS = YES_AGGRESSIVE;
				GCC_WARN_UNUSED_FUNCTION = YES;
				GCC_WARN_UNUSED_VARIABLE = YES;
				IPHONEOS_DEPLOYMENT_TARGET = 15.2;
				MTL_ENABLE_DEBUG_INFO = NO;
				MTL_FAST_MATH = YES;
				SDKROOT = iphoneos;
				SWIFT_COMPILATION_MODE = wholemodule;
				SWIFT_OPTIMIZATION_LEVEL = "-O";
				VALIDATE_PRODUCT = YES;
			};
			name = Release;
		};
		15F085882783661000EF38FF /* Debug */ = {
			isa = XCBuildConfiguration;
			buildSettings = {
				ASSETCATALOG_COMPILER_APPICON_NAME = AppIcon;
				ASSETCATALOG_COMPILER_GLOBAL_ACCENT_COLOR_NAME = AccentColor;
				CODE_SIGN_STYLE = Automatic;
				CURRENT_PROJECT_VERSION = 1;
				GENERATE_INFOPLIST_FILE = YES;
				INFOPLIST_FILE = JsonParseUsage/Info.plist;
				INFOPLIST_KEY_UIApplicationSupportsIndirectInputEvents = YES;
				INFOPLIST_KEY_UILaunchStoryboardName = LaunchScreen;
				INFOPLIST_KEY_UIMainStoryboardFile = Main;
				INFOPLIST_KEY_UISupportedInterfaceOrientations_iPad = "UIInterfaceOrientationPortrait UIInterfaceOrientationPortraitUpsideDown UIInterfaceOrientationLandscapeLeft UIInterfaceOrientationLandscapeRight";
				INFOPLIST_KEY_UISupportedInterfaceOrientations_iPhone = "UIInterfaceOrientationPortrait UIInterfaceOrientationLandscapeLeft UIInterfaceOrientationLandscapeRight";
				LD_RUNPATH_SEARCH_PATHS = (
					"$(inherited)",
					"@executable_path/Frameworks",
				);
				MARKETING_VERSION = 1.0;
				PRODUCT_BUNDLE_IDENTIFIER = thicapps.JsonParseUsage;
				PRODUCT_NAME = "$(TARGET_NAME)";
				SWIFT_EMIT_LOC_STRINGS = YES;
				SWIFT_VERSION = 5.0;
				TARGETED_DEVICE_FAMILY = "1,2";
			};
			name = Debug;
		};
		15F085892783661000EF38FF /* Release */ = {
			isa = XCBuildConfiguration;
			buildSettings = {
				ASSETCATALOG_COMPILER_APPICON_NAME = AppIcon;
				ASSETCATALOG_COMPILER_GLOBAL_ACCENT_COLOR_NAME = AccentColor;
				CODE_SIGN_STYLE = Automatic;
				CURRENT_PROJECT_VERSION = 1;
				GENERATE_INFOPLIST_FILE = YES;
				INFOPLIST_FILE = JsonParseUsage/Info.plist;
				INFOPLIST_KEY_UIApplicationSupportsIndirectInputEvents = YES;
				INFOPLIST_KEY_UILaunchStoryboardName = LaunchScreen;
				INFOPLIST_KEY_UIMainStoryboardFile = Main;
				INFOPLIST_KEY_UISupportedInterfaceOrientations_iPad = "UIInterfaceOrientationPortrait UIInterfaceOrientationPortraitUpsideDown UIInterfaceOrientationLandscapeLeft UIInterfaceOrientationLandscapeRight";
				INFOPLIST_KEY_UISupportedInterfaceOrientations_iPhone = "UIInterfaceOrientationPortrait UIInterfaceOrientationLandscapeLeft UIInterfaceOrientationLandscapeRight";
				LD_RUNPATH_SEARCH_PATHS = (
					"$(inherited)",
					"@executable_path/Frameworks",
				);
				MARKETING_VERSION = 1.0;
				PRODUCT_BUNDLE_IDENTIFIER = thicapps.JsonParseUsage;
				PRODUCT_NAME = "$(TARGET_NAME)";
				SWIFT_EMIT_LOC_STRINGS = YES;
				SWIFT_VERSION = 5.0;
				TARGETED_DEVICE_FAMILY = "1,2";
			};
			name = Release;
		};
		15F0858B2783661000EF38FF /* Debug */ = {
			isa = XCBuildConfiguration;
			buildSettings = {
				ALWAYS_EMBED_SWIFT_STANDARD_LIBRARIES = YES;
				BUNDLE_LOADER = "$(TEST_HOST)";
				CODE_SIGN_STYLE = Automatic;
				CURRENT_PROJECT_VERSION = 1;
				GENERATE_INFOPLIST_FILE = YES;
				IPHONEOS_DEPLOYMENT_TARGET = 15.2;
				MARKETING_VERSION = 1.0;
				PRODUCT_BUNDLE_IDENTIFIER = thicapps.JsonParseUsageTests;
				PRODUCT_NAME = "$(TARGET_NAME)";
				SWIFT_EMIT_LOC_STRINGS = NO;
				SWIFT_VERSION = 5.0;
				TARGETED_DEVICE_FAMILY = "1,2";
				TEST_HOST = "$(BUILT_PRODUCTS_DIR)/JsonParseUsage.app/JsonParseUsage";
			};
			name = Debug;
		};
		15F0858C2783661000EF38FF /* Release */ = {
			isa = XCBuildConfiguration;
			buildSettings = {
				ALWAYS_EMBED_SWIFT_STANDARD_LIBRARIES = YES;
				BUNDLE_LOADER = "$(TEST_HOST)";
				CODE_SIGN_STYLE = Automatic;
				CURRENT_PROJECT_VERSION = 1;
				GENERATE_INFOPLIST_FILE = YES;
				IPHONEOS_DEPLOYMENT_TARGET = 15.2;
				MARKETING_VERSION = 1.0;
				PRODUCT_BUNDLE_IDENTIFIER = thicapps.JsonParseUsageTests;
				PRODUCT_NAME = "$(TARGET_NAME)";
				SWIFT_EMIT_LOC_STRINGS = NO;
				SWIFT_VERSION = 5.0;
				TARGETED_DEVICE_FAMILY = "1,2";
				TEST_HOST = "$(BUILT_PRODUCTS_DIR)/JsonParseUsage.app/JsonParseUsage";
			};
			name = Release;
		};
		15F0858E2783661000EF38FF /* Debug */ = {
			isa = XCBuildConfiguration;
			buildSettings = {
				ALWAYS_EMBED_SWIFT_STANDARD_LIBRARIES = YES;
				CODE_SIGN_STYLE = Automatic;
				CURRENT_PROJECT_VERSION = 1;
				GENERATE_INFOPLIST_FILE = YES;
				MARKETING_VERSION = 1.0;
				PRODUCT_BUNDLE_IDENTIFIER = thicapps.JsonParseUsageUITests;
				PRODUCT_NAME = "$(TARGET_NAME)";
				SWIFT_EMIT_LOC_STRINGS = NO;
				SWIFT_VERSION = 5.0;
				TARGETED_DEVICE_FAMILY = "1,2";
				TEST_TARGET_NAME = JsonParseUsage;
			};
			name = Debug;
		};
		15F0858F2783661000EF38FF /* Release */ = {
			isa = XCBuildConfiguration;
			buildSettings = {
				ALWAYS_EMBED_SWIFT_STANDARD_LIBRARIES = YES;
				CODE_SIGN_STYLE = Automatic;
				CURRENT_PROJECT_VERSION = 1;
				GENERATE_INFOPLIST_FILE = YES;
				MARKETING_VERSION = 1.0;
				PRODUCT_BUNDLE_IDENTIFIER = thicapps.JsonParseUsageUITests;
				PRODUCT_NAME = "$(TARGET_NAME)";
				SWIFT_EMIT_LOC_STRINGS = NO;
				SWIFT_VERSION = 5.0;
				TARGETED_DEVICE_FAMILY = "1,2";
				TEST_TARGET_NAME = JsonParseUsage;
			};
			name = Release;
		};
/* End XCBuildConfiguration section */

/* Begin XCConfigurationList section */
		15F085582783660F00EF38FF /* Build configuration list for PBXProject "JsonParseUsage" */ = {
			isa = XCConfigurationList;
			buildConfigurations = (
				15F085852783661000EF38FF /* Debug */,
				15F085862783661000EF38FF /* Release */,
			);
			defaultConfigurationIsVisible = 0;
			defaultConfigurationName = Release;
		};
		15F085872783661000EF38FF /* Build configuration list for PBXNativeTarget "JsonParseUsage" */ = {
			isa = XCConfigurationList;
			buildConfigurations = (
				15F085882783661000EF38FF /* Debug */,
				15F085892783661000EF38FF /* Release */,
			);
			defaultConfigurationIsVisible = 0;
			defaultConfigurationName = Release;
		};
		15F0858A2783661000EF38FF /* Build configuration list for PBXNativeTarget "JsonParseUsageTests" */ = {
			isa = XCConfigurationList;
			buildConfigurations = (
				15F0858B2783661000EF38FF /* Debug */,
				15F0858C2783661000EF38FF /* Release */,
			);
			defaultConfigurationIsVisible = 0;
			defaultConfigurationName = Release;
		};
		15F0858D2783661000EF38FF /* Build configuration list for PBXNativeTarget "JsonParseUsageUITests" */ = {
			isa = XCConfigurationList;
			buildConfigurations = (
				15F0858E2783661000EF38FF /* Debug */,
				15F0858F2783661000EF38FF /* Release */,
			);
			defaultConfigurationIsVisible = 0;
			defaultConfigurationName = Release;
		};
/* End XCConfigurationList section */
	};
	rootObject = 15F085552783660F00EF38FF /* Project object */;
}
