// !$*UTF8*$!
{
	archiveVersion = 1;
	classes = {
	};
	objectVersion = 55;
	objects = {

/* Begin PBXBuildFile section */
		155F4E092770FE4F0075F8E5 /* AppDelegate.swift in Sources */ = {isa = PBXBuildFile; fileRef = 155F4E082770FE4F0075F8E5 /* AppDelegate.swift */; };
		155F4E0B2770FE4F0075F8E5 /* SceneDelegate.swift in Sources */ = {isa = PBXBuildFile; fileRef = 155F4E0A2770FE4F0075F8E5 /* SceneDelegate.swift */; };
		155F4E0D2770FE4F0075F8E5 /* ViewController.swift in Sources */ = {isa = PBXBuildFile; fileRef = 155F4E0C2770FE4F0075F8E5 /* ViewController.swift */; };
		155F4E102770FE4F0075F8E5 /* Main.storyboard in Resources */ = {isa = PBXBuildFile; fileRef = 155F4E0E2770FE4F0075F8E5 /* Main.storyboard */; };
		155F4E122770FE500075F8E5 /* Assets.xcassets in Resources */ = {isa = PBXBuildFile; fileRef = 155F4E112770FE500075F8E5 /* Assets.xcassets */; };
		155F4E152770FE500075F8E5 /* LaunchScreen.storyboard in Resources */ = {isa = PBXBuildFile; fileRef = 155F4E132770FE500075F8E5 /* LaunchScreen.storyboard */; };
		155F4E202770FE500075F8E5 /* CollectionViewTests.swift in Sources */ = {isa = PBXBuildFile; fileRef = 155F4E1F2770FE500075F8E5 /* CollectionViewTests.swift */; };
		155F4E2A2770FE500075F8E5 /* CollectionViewUITests.swift in Sources */ = {isa = PBXBuildFile; fileRef = 155F4E292770FE500075F8E5 /* CollectionViewUITests.swift */; };
		155F4E2C2770FE500075F8E5 /* CollectionViewUITestsLaunchTests.swift in Sources */ = {isa = PBXBuildFile; fileRef = 155F4E2B2770FE500075F8E5 /* CollectionViewUITestsLaunchTests.swift */; };
		155F4E39277100240075F8E5 /* CountryCollectionViewCell.swift in Sources */ = {isa = PBXBuildFile; fileRef = 155F4E38277100240075F8E5 /* CountryCollectionViewCell.swift */; };
		155F4E3B277100E20075F8E5 /* Country.swift in Sources */ = {isa = PBXBuildFile; fileRef = 155F4E3A277100E20075F8E5 /* Country.swift */; };
		155F4E3D277113380075F8E5 /* DetailVC.swift in Sources */ = {isa = PBXBuildFile; fileRef = 155F4E3C277113380075F8E5 /* DetailVC.swift */; };
/* End PBXBuildFile section */

/* Begin PBXContainerItemProxy section */
		155F4E1C2770FE500075F8E5 /* PBXContainerItemProxy */ = {
			isa = PBXContainerItemProxy;
			containerPortal = 155F4DFD2770FE4F0075F8E5 /* Project object */;
			proxyType = 1;
			remoteGlobalIDString = 155F4E042770FE4F0075F8E5;
			remoteInfo = CollectionView;
		};
		155F4E262770FE500075F8E5 /* PBXContainerItemProxy */ = {
			isa = PBXContainerItemProxy;
			containerPortal = 155F4DFD2770FE4F0075F8E5 /* Project object */;
			proxyType = 1;
			remoteGlobalIDString = 155F4E042770FE4F0075F8E5;
			remoteInfo = CollectionView;
		};
/* End PBXContainerItemProxy section */

/* Begin PBXFileReference section */
		155F4E052770FE4F0075F8E5 /* CollectionView.app */ = {isa = PBXFileReference; explicitFileType = wrapper.application; includeInIndex = 0; path = CollectionView.app; sourceTree = BUILT_PRODUCTS_DIR; };
		155F4E082770FE4F0075F8E5 /* AppDelegate.swift */ = {isa = PBXFileReference; lastKnownFileType = sourcecode.swift; path = AppDelegate.swift; sourceTree = "<group>"; };
		155F4E0A2770FE4F0075F8E5 /* SceneDelegate.swift */ = {isa = PBXFileReference; lastKnownFileType = sourcecode.swift; path = SceneDelegate.swift; sourceTree = "<group>"; };
		155F4E0C2770FE4F0075F8E5 /* ViewController.swift */ = {isa = PBXFileReference; lastKnownFileType = sourcecode.swift; path = ViewController.swift; sourceTree = "<group>"; };
		155F4E0F2770FE4F0075F8E5 /* Base */ = {isa = PBXFileReference; lastKnownFileType = file.storyboard; name = Base; path = Base.lproj/Main.storyboard; sourceTree = "<group>"; };
		155F4E112770FE500075F8E5 /* Assets.xcassets */ = {isa = PBXFileReference; lastKnownFileType = folder.assetcatalog; path = Assets.xcassets; sourceTree = "<group>"; };
		155F4E142770FE500075F8E5 /* Base */ = {isa = PBXFileReference; lastKnownFileType = file.storyboard; name = Base; path = Base.lproj/LaunchScreen.storyboard; sourceTree = "<group>"; };
		155F4E162770FE500075F8E5 /* Info.plist */ = {isa = PBXFileReference; lastKnownFileType = text.plist.xml; path = Info.plist; sourceTree = "<group>"; };
		155F4E1B2770FE500075F8E5 /* CollectionViewTests.xctest */ = {isa = PBXFileReference; explicitFileType = wrapper.cfbundle; includeInIndex = 0; path = CollectionViewTests.xctest; sourceTree = BUILT_PRODUCTS_DIR; };
		155F4E1F2770FE500075F8E5 /* CollectionViewTests.swift */ = {isa = PBXFileReference; lastKnownFileType = sourcecode.swift; path = CollectionViewTests.swift; sourceTree = "<group>"; };
		155F4E252770FE500075F8E5 /* CollectionViewUITests.xctest */ = {isa = PBXFileReference; explicitFileType = wrapper.cfbundle; includeInIndex = 0; path = CollectionViewUITests.xctest; sourceTree = BUILT_PRODUCTS_DIR; };
		155F4E292770FE500075F8E5 /* CollectionViewUITests.swift */ = {isa = PBXFileReference; lastKnownFileType = sourcecode.swift; path = CollectionViewUITests.swift; sourceTree = "<group>"; };
		155F4E2B2770FE500075F8E5 /* CollectionViewUITestsLaunchTests.swift */ = {isa = PBXFileReference; lastKnownFileType = sourcecode.swift; path = CollectionViewUITestsLaunchTests.swift; sourceTree = "<group>"; };
		155F4E38277100240075F8E5 /* CountryCollectionViewCell.swift */ = {isa = PBXFileReference; lastKnownFileType = sourcecode.swift; path = CountryCollectionViewCell.swift; sourceTree = "<group>"; };
		155F4E3A277100E20075F8E5 /* Country.swift */ = {isa = PBXFileReference; lastKnownFileType = sourcecode.swift; path = Country.swift; sourceTree = "<group>"; };
		155F4E3C277113380075F8E5 /* DetailVC.swift */ = {isa = PBXFileReference; lastKnownFileType = sourcecode.swift; path = DetailVC.swift; sourceTree = "<group>"; };
/* End PBXFileReference section */

/* Begin PBXFrameworksBuildPhase section */
		155F4E022770FE4F0075F8E5 /* Frameworks */ = {
			isa = PBXFrameworksBuildPhase;
			buildActionMask = 2147483647;
			files = (
			);
			runOnlyForDeploymentPostprocessing = 0;
		};
		155F4E182770FE500075F8E5 /* Frameworks */ = {
			isa = PBXFrameworksBuildPhase;
			buildActionMask = 2147483647;
			files = (
			);
			runOnlyForDeploymentPostprocessing = 0;
		};
		155F4E222770FE500075F8E5 /* Frameworks */ = {
			isa = PBXFrameworksBuildPhase;
			buildActionMask = 2147483647;
			files = (
			);
			runOnlyForDeploymentPostprocessing = 0;
		};
/* End PBXFrameworksBuildPhase section */

/* Begin PBXGroup section */
		155F4DFC2770FE4F0075F8E5 = {
			isa = PBXGroup;
			children = (
				155F4E072770FE4F0075F8E5 /* CollectionView */,
				155F4E1E2770FE500075F8E5 /* CollectionViewTests */,
				155F4E282770FE500075F8E5 /* CollectionViewUITests */,
				155F4E062770FE4F0075F8E5 /* Products */,
			);
			sourceTree = "<group>";
		};
		155F4E062770FE4F0075F8E5 /* Products */ = {
			isa = PBXGroup;
			children = (
				155F4E052770FE4F0075F8E5 /* CollectionView.app */,
				155F4E1B2770FE500075F8E5 /* CollectionViewTests.xctest */,
				155F4E252770FE500075F8E5 /* CollectionViewUITests.xctest */,
			);
			name = Products;
			sourceTree = "<group>";
		};
		155F4E072770FE4F0075F8E5 /* CollectionView */ = {
			isa = PBXGroup;
			children = (
				155F4E082770FE4F0075F8E5 /* AppDelegate.swift */,
				155F4E0A2770FE4F0075F8E5 /* SceneDelegate.swift */,
				155F4E0C2770FE4F0075F8E5 /* ViewController.swift */,
				155F4E0E2770FE4F0075F8E5 /* Main.storyboard */,
				155F4E3C277113380075F8E5 /* DetailVC.swift */,
				155F4E3A277100E20075F8E5 /* Country.swift */,
				155F4E38277100240075F8E5 /* CountryCollectionViewCell.swift */,
				155F4E112770FE500075F8E5 /* Assets.xcassets */,
				155F4E132770FE500075F8E5 /* LaunchScreen.storyboard */,
				155F4E162770FE500075F8E5 /* Info.plist */,
			);
			path = CollectionView;
			sourceTree = "<group>";
		};
		155F4E1E2770FE500075F8E5 /* CollectionViewTests */ = {
			isa = PBXGroup;
			children = (
				155F4E1F2770FE500075F8E5 /* CollectionViewTests.swift */,
			);
			path = CollectionViewTests;
			sourceTree = "<group>";
		};
		155F4E282770FE500075F8E5 /* CollectionViewUITests */ = {
			isa = PBXGroup;
			children = (
				155F4E292770FE500075F8E5 /* CollectionViewUITests.swift */,
				155F4E2B2770FE500075F8E5 /* CollectionViewUITestsLaunchTests.swift */,
			);
			path = CollectionViewUITests;
			sourceTree = "<group>";
		};
/* End PBXGroup section */

/* Begin PBXNativeTarget section */
		155F4E042770FE4F0075F8E5 /* CollectionView */ = {
			isa = PBXNativeTarget;
			buildConfigurationList = 155F4E2F2770FE500075F8E5 /* Build configuration list for PBXNativeTarget "CollectionView" */;
			buildPhases = (
				155F4E012770FE4F0075F8E5 /* Sources */,
				155F4E022770FE4F0075F8E5 /* Frameworks */,
				155F4E032770FE4F0075F8E5 /* Resources */,
			);
			buildRules = (
			);
			dependencies = (
			);
			name = CollectionView;
			productName = CollectionView;
			productReference = 155F4E052770FE4F0075F8E5 /* CollectionView.app */;
			productType = "com.apple.product-type.application";
		};
		155F4E1A2770FE500075F8E5 /* CollectionViewTests */ = {
			isa = PBXNativeTarget;
			buildConfigurationList = 155F4E322770FE500075F8E5 /* Build configuration list for PBXNativeTarget "CollectionViewTests" */;
			buildPhases = (
				155F4E172770FE500075F8E5 /* Sources */,
				155F4E182770FE500075F8E5 /* Frameworks */,
				155F4E192770FE500075F8E5 /* Resources */,
			);
			buildRules = (
			);
			dependencies = (
				155F4E1D2770FE500075F8E5 /* PBXTargetDependency */,
			);
			name = CollectionViewTests;
			productName = CollectionViewTests;
			productReference = 155F4E1B2770FE500075F8E5 /* CollectionViewTests.xctest */;
			productType = "com.apple.product-type.bundle.unit-test";
		};
		155F4E242770FE500075F8E5 /* CollectionViewUITests */ = {
			isa = PBXNativeTarget;
			buildConfigurationList = 155F4E352770FE500075F8E5 /* Build configuration list for PBXNativeTarget "CollectionViewUITests" */;
			buildPhases = (
				155F4E212770FE500075F8E5 /* Sources */,
				155F4E222770FE500075F8E5 /* Frameworks */,
				155F4E232770FE500075F8E5 /* Resources */,
			);
			buildRules = (
			);
			dependencies = (
				155F4E272770FE500075F8E5 /* PBXTargetDependency */,
			);
			name = CollectionViewUITests;
			productName = CollectionViewUITests;
			productReference = 155F4E252770FE500075F8E5 /* CollectionViewUITests.xctest */;
			productType = "com.apple.product-type.bundle.ui-testing";
		};
/* End PBXNativeTarget section */

/* Begin PBXProject section */
		155F4DFD2770FE4F0075F8E5 /* Project object */ = {
			isa = PBXProject;
			attributes = {
				BuildIndependentTargetsInParallel = 1;
				LastSwiftUpdateCheck = 1320;
				LastUpgradeCheck = 1320;
				TargetAttributes = {
					155F4E042770FE4F0075F8E5 = {
						CreatedOnToolsVersion = 13.2;
					};
					155F4E1A2770FE500075F8E5 = {
						CreatedOnToolsVersion = 13.2;
						TestTargetID = 155F4E042770FE4F0075F8E5;
					};
					155F4E242770FE500075F8E5 = {
						CreatedOnToolsVersion = 13.2;
						TestTargetID = 155F4E042770FE4F0075F8E5;
					};
				};
			};
			buildConfigurationList = 155F4E002770FE4F0075F8E5 /* Build configuration list for PBXProject "CollectionView" */;
			compatibilityVersion = "Xcode 13.0";
			developmentRegion = en;
			hasScannedForEncodings = 0;
			knownRegions = (
				en,
				Base,
			);
			mainGroup = 155F4DFC2770FE4F0075F8E5;
			productRefGroup = 155F4E062770FE4F0075F8E5 /* Products */;
			projectDirPath = "";
			projectRoot = "";
			targets = (
				155F4E042770FE4F0075F8E5 /* CollectionView */,
				155F4E1A2770FE500075F8E5 /* CollectionViewTests */,
				155F4E242770FE500075F8E5 /* CollectionViewUITests */,
			);
		};
/* End PBXProject section */

/* Begin PBXResourcesBuildPhase section */
		155F4E032770FE4F0075F8E5 /* Resources */ = {
			isa = PBXResourcesBuildPhase;
			buildActionMask = 2147483647;
			files = (
				155F4E152770FE500075F8E5 /* LaunchScreen.storyboard in Resources */,
				155F4E122770FE500075F8E5 /* Assets.xcassets in Resources */,
				155F4E102770FE4F0075F8E5 /* Main.storyboard in Resources */,
			);
			runOnlyForDeploymentPostprocessing = 0;
		};
		155F4E192770FE500075F8E5 /* Resources */ = {
			isa = PBXResourcesBuildPhase;
			buildActionMask = 2147483647;
			files = (
			);
			runOnlyForDeploymentPostprocessing = 0;
		};
		155F4E232770FE500075F8E5 /* Resources */ = {
			isa = PBXResourcesBuildPhase;
			buildActionMask = 2147483647;
			files = (
			);
			runOnlyForDeploymentPostprocessing = 0;
		};
/* End PBXResourcesBuildPhase section */

/* Begin PBXSourcesBuildPhase section */
		155F4E012770FE4F0075F8E5 /* Sources */ = {
			isa = PBXSourcesBuildPhase;
			buildActionMask = 2147483647;
			files = (
				155F4E0D2770FE4F0075F8E5 /* ViewController.swift in Sources */,
				155F4E39277100240075F8E5 /* CountryCollectionViewCell.swift in Sources */,
				155F4E092770FE4F0075F8E5 /* AppDelegate.swift in Sources */,
				155F4E3B277100E20075F8E5 /* Country.swift in Sources */,
				155F4E0B2770FE4F0075F8E5 /* SceneDelegate.swift in Sources */,
				155F4E3D277113380075F8E5 /* DetailVC.swift in Sources */,
			);
			runOnlyForDeploymentPostprocessing = 0;
		};
		155F4E172770FE500075F8E5 /* Sources */ = {
			isa = PBXSourcesBuildPhase;
			buildActionMask = 2147483647;
			files = (
				155F4E202770FE500075F8E5 /* CollectionViewTests.swift in Sources */,
			);
			runOnlyForDeploymentPostprocessing = 0;
		};
		155F4E212770FE500075F8E5 /* Sources */ = {
			isa = PBXSourcesBuildPhase;
			buildActionMask = 2147483647;
			files = (
				155F4E2A2770FE500075F8E5 /* CollectionViewUITests.swift in Sources */,
				155F4E2C2770FE500075F8E5 /* CollectionViewUITestsLaunchTests.swift in Sources */,
			);
			runOnlyForDeploymentPostprocessing = 0;
		};
/* End PBXSourcesBuildPhase section */

/* Begin PBXTargetDependency section */
		155F4E1D2770FE500075F8E5 /* PBXTargetDependency */ = {
			isa = PBXTargetDependency;
			target = 155F4E042770FE4F0075F8E5 /* CollectionView */;
			targetProxy = 155F4E1C2770FE500075F8E5 /* PBXContainerItemProxy */;
		};
		155F4E272770FE500075F8E5 /* PBXTargetDependency */ = {
			isa = PBXTargetDependency;
			target = 155F4E042770FE4F0075F8E5 /* CollectionView */;
			targetProxy = 155F4E262770FE500075F8E5 /* PBXContainerItemProxy */;
		};
/* End PBXTargetDependency section */

/* Begin PBXVariantGroup section */
		155F4E0E2770FE4F0075F8E5 /* Main.storyboard */ = {
			isa = PBXVariantGroup;
			children = (
				155F4E0F2770FE4F0075F8E5 /* Base */,
			);
			name = Main.storyboard;
			sourceTree = "<group>";
		};
		155F4E132770FE500075F8E5 /* LaunchScreen.storyboard */ = {
			isa = PBXVariantGroup;
			children = (
				155F4E142770FE500075F8E5 /* Base */,
			);
			name = LaunchScreen.storyboard;
			sourceTree = "<group>";
		};
/* End PBXVariantGroup section */

/* Begin XCBuildConfiguration section */
		155F4E2D2770FE500075F8E5 /* Debug */ = {
			isa = XCBuildConfiguration;
			buildSettings = {
				ALWAYS_SEARCH_USER_PATHS = NO;
				CLANG_ANALYZER_NONNULL = YES;
				CLANG_ANALYZER_NUMBER_OBJECT_CONVERSION = YES_AGGRESSIVE;
				CLANG_CXX_LANGUAGE_STANDARD = "gnu++17";
				CLANG_CXX_LIBRARY = "libc++";
				CLANG_ENABLE_MODULES = YES;
				CLANG_ENABLE_OBJC_ARC = YES;
				CLANG_ENABLE_OBJC_WEAK = YES;
				CLANG_WARN_BLOCK_CAPTURE_AUTORELEASING = YES;
				CLANG_WARN_BOOL_CONVERSION = YES;
				CLANG_WARN_COMMA = YES;
				CLANG_WARN_CONSTANT_CONVERSION = YES;
				CLANG_WARN_DEPRECATED_OBJC_IMPLEMENTATIONS = YES;
				CLANG_WARN_DIRECT_OBJC_ISA_USAGE = YES_ERROR;
				CLANG_WARN_DOCUMENTATION_COMMENTS = YES;
				CLANG_WARN_EMPTY_BODY = YES;
				CLANG_WARN_ENUM_CONVERSION = YES;
				CLANG_WARN_INFINITE_RECURSION = YES;
				CLANG_WARN_INT_CONVERSION = YES;
				CLANG_WARN_NON_LITERAL_NULL_CONVERSION = YES;
				CLANG_WARN_OBJC_IMPLICIT_RETAIN_SELF = YES;
				CLANG_WARN_OBJC_LITERAL_CONVERSION = YES;
				CLANG_WARN_OBJC_ROOT_CLASS = YES_ERROR;
				CLANG_WARN_QUOTED_INCLUDE_IN_FRAMEWORK_HEADER = YES;
				CLANG_WARN_RANGE_LOOP_ANALYSIS = YES;
				CLANG_WARN_STRICT_PROTOTYPES = YES;
				CLANG_WARN_SUSPICIOUS_MOVE = YES;
				CLANG_WARN_UNGUARDED_AVAILABILITY = YES_AGGRESSIVE;
				CLANG_WARN_UNREACHABLE_CODE = YES;
				CLANG_WARN__DUPLICATE_METHOD_MATCH = YES;
				COPY_PHASE_STRIP = NO;
				DEBUG_INFORMATION_FORMAT = dwarf;
				ENABLE_STRICT_OBJC_MSGSEND = YES;
				ENABLE_TESTABILITY = YES;
				GCC_C_LANGUAGE_STANDARD = gnu11;
				GCC_DYNAMIC_NO_PIC = NO;
				GCC_NO_COMMON_BLOCKS = YES;
				GCC_OPTIMIZATION_LEVEL = 0;
				GCC_PREPROCESSOR_DEFINITIONS = (
					"DEBUG=1",
					"$(inherited)",
				);
				GCC_WARN_64_TO_32_BIT_CONVERSION = YES;
				GCC_WARN_ABOUT_RETURN_TYPE = YES_ERROR;
				GCC_WARN_UNDECLARED_SELECTOR = YES;
				GCC_WARN_UNINITIALIZED_AUTOS = YES_AGGRESSIVE;
				GCC_WARN_UNUSED_FUNCTION = YES;
				GCC_WARN_UNUSED_VARIABLE = YES;
				IPHONEOS_DEPLOYMENT_TARGET = 15.2;
				MTL_ENABLE_DEBUG_INFO = INCLUDE_SOURCE;
				MTL_FAST_MATH = YES;
				ONLY_ACTIVE_ARCH = YES;
				SDKROOT = iphoneos;
				SWIFT_ACTIVE_COMPILATION_CONDITIONS = DEBUG;
				SWIFT_OPTIMIZATION_LEVEL = "-Onone";
			};
			name = Debug;
		};
		155F4E2E2770FE500075F8E5 /* Release */ = {
			isa = XCBuildConfiguration;
			buildSettings = {
				ALWAYS_SEARCH_USER_PATHS = NO;
				CLANG_ANALYZER_NONNULL = YES;
				CLANG_ANALYZER_NUMBER_OBJECT_CONVERSION = YES_AGGRESSIVE;
				CLANG_CXX_LANGUAGE_STANDARD = "gnu++17";
				CLANG_CXX_LIBRARY = "libc++";
				CLANG_ENABLE_MODULES = YES;
				CLANG_ENABLE_OBJC_ARC = YES;
				CLANG_ENABLE_OBJC_WEAK = YES;
				CLANG_WARN_BLOCK_CAPTURE_AUTORELEASING = YES;
				CLANG_WARN_BOOL_CONVERSION = YES;
				CLANG_WARN_COMMA = YES;
				CLANG_WARN_CONSTANT_CONVERSION = YES;
				CLANG_WARN_DEPRECATED_OBJC_IMPLEMENTATIONS = YES;
				CLANG_WARN_DIRECT_OBJC_ISA_USAGE = YES_ERROR;
				CLANG_WARN_DOCUMENTATION_COMMENTS = YES;
				CLANG_WARN_EMPTY_BODY = YES;
				CLANG_WARN_ENUM_CONVERSION = YES;
				CLANG_WARN_INFINITE_RECURSION = YES;
				CLANG_WARN_INT_CONVERSION = YES;
				CLANG_WARN_NON_LITERAL_NULL_CONVERSION = YES;
				CLANG_WARN_OBJC_IMPLICIT_RETAIN_SELF = YES;
				CLANG_WARN_OBJC_LITERAL_CONVERSION = YES;
				CLANG_WARN_OBJC_ROOT_CLASS = YES_ERROR;
				CLANG_WARN_QUOTED_INCLUDE_IN_FRAMEWORK_HEADER = YES;
				CLANG_WARN_RANGE_LOOP_ANALYSIS = YES;
				CLANG_WARN_STRICT_PROTOTYPES = YES;
				CLANG_WARN_SUSPICIOUS_MOVE = YES;
				CLANG_WARN_UNGUARDED_AVAILABILITY = YES_AGGRESSIVE;
				CLANG_WARN_UNREACHABLE_CODE = YES;
				CLANG_WARN__DUPLICATE_METHOD_MATCH = YES;
				COPY_PHASE_STRIP = NO;
				DEBUG_INFORMATION_FORMAT = "dwarf-with-dsym";
				ENABLE_NS_ASSERTIONS = NO;
				ENABLE_STRICT_OBJC_MSGSEND = YES;
				GCC_C_LANGUAGE_STANDARD = gnu11;
				GCC_NO_COMMON_BLOCKS = YES;
				GCC_WARN_64_TO_32_BIT_CONVERSION = YES;
				GCC_WARN_ABOUT_RETURN_TYPE = YES_ERROR;
				GCC_WARN_UNDECLARED_SELECTOR = YES;
				GCC_WARN_UNINITIALIZED_AUTOS = YES_AGGRESSIVE;
				GCC_WARN_UNUSED_FUNCTION = YES;
				GCC_WARN_UNUSED_VARIABLE = YES;
				IPHONEOS_DEPLOYMENT_TARGET = 15.2;
				MTL_ENABLE_DEBUG_INFO = NO;
				MTL_FAST_MATH = YES;
				SDKROOT = iphoneos;
				SWIFT_COMPILATION_MODE = wholemodule;
				SWIFT_OPTIMIZATION_LEVEL = "-O";
				VALIDATE_PRODUCT = YES;
			};
			name = Release;
		};
		155F4E302770FE500075F8E5 /* Debug */ = {
			isa = XCBuildConfiguration;
			buildSettings = {
				ASSETCATALOG_COMPILER_APPICON_NAME = AppIcon;
				ASSETCATALOG_COMPILER_GLOBAL_ACCENT_COLOR_NAME = AccentColor;
				CODE_SIGN_STYLE = Automatic;
				CURRENT_PROJECT_VERSION = 1;
				GENERATE_INFOPLIST_FILE = YES;
				INFOPLIST_FILE = CollectionView/Info.plist;
				INFOPLIST_KEY_UIApplicationSupportsIndirectInputEvents = YES;
				INFOPLIST_KEY_UILaunchStoryboardName = LaunchScreen;
				INFOPLIST_KEY_UIMainStoryboardFile = Main;
				INFOPLIST_KEY_UISupportedInterfaceOrientations_iPad = "UIInterfaceOrientationPortrait UIInterfaceOrientationPortraitUpsideDown UIInterfaceOrientationLandscapeLeft UIInterfaceOrientationLandscapeRight";
				INFOPLIST_KEY_UISupportedInterfaceOrientations_iPhone = "UIInterfaceOrientationPortrait UIInterfaceOrientationLandscapeLeft UIInterfaceOrientationLandscapeRight";
				LD_RUNPATH_SEARCH_PATHS = (
					"$(inherited)",
					"@executable_path/Frameworks",
				);
				MARKETING_VERSION = 1.0;
				PRODUCT_BUNDLE_IDENTIFIER = thicapps.CollectionView;
				PRODUCT_NAME = "$(TARGET_NAME)";
				SWIFT_EMIT_LOC_STRINGS = YES;
				SWIFT_VERSION = 5.0;
				TARGETED_DEVICE_FAMILY = "1,2";
			};
			name = Debug;
		};
		155F4E312770FE500075F8E5 /* Release */ = {
			isa = XCBuildConfiguration;
			buildSettings = {
				ASSETCATALOG_COMPILER_APPICON_NAME = AppIcon;
				ASSETCATALOG_COMPILER_GLOBAL_ACCENT_COLOR_NAME = AccentColor;
				CODE_SIGN_STYLE = Automatic;
				CURRENT_PROJECT_VERSION = 1;
				GENERATE_INFOPLIST_FILE = YES;
				INFOPLIST_FILE = CollectionView/Info.plist;
				INFOPLIST_KEY_UIApplicationSupportsIndirectInputEvents = YES;
				INFOPLIST_KEY_UILaunchStoryboardName = LaunchScreen;
				INFOPLIST_KEY_UIMainStoryboardFile = Main;
				INFOPLIST_KEY_UISupportedInterfaceOrientations_iPad = "UIInterfaceOrientationPortrait UIInterfaceOrientationPortraitUpsideDown UIInterfaceOrientationLandscapeLeft UIInterfaceOrientationLandscapeRight";
				INFOPLIST_KEY_UISupportedInterfaceOrientations_iPhone = "UIInterfaceOrientationPortrait UIInterfaceOrientationLandscapeLeft UIInterfaceOrientationLandscapeRight";
				LD_RUNPATH_SEARCH_PATHS = (
					"$(inherited)",
					"@executable_path/Frameworks",
				);
				MARKETING_VERSION = 1.0;
				PRODUCT_BUNDLE_IDENTIFIER = thicapps.CollectionView;
				PRODUCT_NAME = "$(TARGET_NAME)";
				SWIFT_EMIT_LOC_STRINGS = YES;
				SWIFT_VERSION = 5.0;
				TARGETED_DEVICE_FAMILY = "1,2";
			};
			name = Release;
		};
		155F4E332770FE500075F8E5 /* Debug */ = {
			isa = XCBuildConfiguration;
			buildSettings = {
				ALWAYS_EMBED_SWIFT_STANDARD_LIBRARIES = YES;
				BUNDLE_LOADER = "$(TEST_HOST)";
				CODE_SIGN_STYLE = Automatic;
				CURRENT_PROJECT_VERSION = 1;
				GENERATE_INFOPLIST_FILE = YES;
				IPHONEOS_DEPLOYMENT_TARGET = 15.2;
				MARKETING_VERSION = 1.0;
				PRODUCT_BUNDLE_IDENTIFIER = thicapps.CollectionViewTests;
				PRODUCT_NAME = "$(TARGET_NAME)";
				SWIFT_EMIT_LOC_STRINGS = NO;
				SWIFT_VERSION = 5.0;
				TARGETED_DEVICE_FAMILY = "1,2";
				TEST_HOST = "$(BUILT_PRODUCTS_DIR)/CollectionView.app/CollectionView";
			};
			name = Debug;
		};
		155F4E342770FE500075F8E5 /* Release */ = {
			isa = XCBuildConfiguration;
			buildSettings = {
				ALWAYS_EMBED_SWIFT_STANDARD_LIBRARIES = YES;
				BUNDLE_LOADER = "$(TEST_HOST)";
				CODE_SIGN_STYLE = Automatic;
				CURRENT_PROJECT_VERSION = 1;
				GENERATE_INFOPLIST_FILE = YES;
				IPHONEOS_DEPLOYMENT_TARGET = 15.2;
				MARKETING_VERSION = 1.0;
				PRODUCT_BUNDLE_IDENTIFIER = thicapps.CollectionViewTests;
				PRODUCT_NAME = "$(TARGET_NAME)";
				SWIFT_EMIT_LOC_STRINGS = NO;
				SWIFT_VERSION = 5.0;
				TARGETED_DEVICE_FAMILY = "1,2";
				TEST_HOST = "$(BUILT_PRODUCTS_DIR)/CollectionView.app/CollectionView";
			};
			name = Release;
		};
		155F4E362770FE500075F8E5 /* Debug */ = {
			isa = XCBuildConfiguration;
			buildSettings = {
				ALWAYS_EMBED_SWIFT_STANDARD_LIBRARIES = YES;
				CODE_SIGN_STYLE = Automatic;
				CURRENT_PROJECT_VERSION = 1;
				GENERATE_INFOPLIST_FILE = YES;
				MARKETING_VERSION = 1.0;
				PRODUCT_BUNDLE_IDENTIFIER = thicapps.CollectionViewUITests;
				PRODUCT_NAME = "$(TARGET_NAME)";
				SWIFT_EMIT_LOC_STRINGS = NO;
				SWIFT_VERSION = 5.0;
				TARGETED_DEVICE_FAMILY = "1,2";
				TEST_TARGET_NAME = CollectionView;
			};
			name = Debug;
		};
		155F4E372770FE500075F8E5 /* Release */ = {
			isa = XCBuildConfiguration;
			buildSettings = {
				ALWAYS_EMBED_SWIFT_STANDARD_LIBRARIES = YES;
				CODE_SIGN_STYLE = Automatic;
				CURRENT_PROJECT_VERSION = 1;
				GENERATE_INFOPLIST_FILE = YES;
				MARKETING_VERSION = 1.0;
				PRODUCT_BUNDLE_IDENTIFIER = thicapps.CollectionViewUITests;
				PRODUCT_NAME = "$(TARGET_NAME)";
				SWIFT_EMIT_LOC_STRINGS = NO;
				SWIFT_VERSION = 5.0;
				TARGETED_DEVICE_FAMILY = "1,2";
				TEST_TARGET_NAME = CollectionView;
			};
			name = Release;
		};
/* End XCBuildConfiguration section */

/* Begin XCConfigurationList section */
		155F4E002770FE4F0075F8E5 /* Build configuration list for PBXProject "CollectionView" */ = {
			isa = XCConfigurationList;
			buildConfigurations = (
				155F4E2D2770FE500075F8E5 /* Debug */,
				155F4E2E2770FE500075F8E5 /* Release */,
			);
			defaultConfigurationIsVisible = 0;
			defaultConfigurationName = Release;
		};
		155F4E2F2770FE500075F8E5 /* Build configuration list for PBXNativeTarget "CollectionView" */ = {
			isa = XCConfigurationList;
			buildConfigurations = (
				155F4E302770FE500075F8E5 /* Debug */,
				155F4E312770FE500075F8E5 /* Release */,
			);
			defaultConfigurationIsVisible = 0;
			defaultConfigurationName = Release;
		};
		155F4E322770FE500075F8E5 /* Build configuration list for PBXNativeTarget "CollectionViewTests" */ = {
			isa = XCConfigurationList;
			buildConfigurations = (
				155F4E332770FE500075F8E5 /* Debug */,
				155F4E342770FE500075F8E5 /* Release */,
			);
			defaultConfigurationIsVisible = 0;
			defaultConfigurationName = Release;
		};
		155F4E352770FE500075F8E5 /* Build configuration list for PBXNativeTarget "CollectionViewUITests" */ = {
			isa = XCConfigurationList;
			buildConfigurations = (
				155F4E362770FE500075F8E5 /* Debug */,
				155F4E372770FE500075F8E5 /* Release */,
			);
			defaultConfigurationIsVisible = 0;
			defaultConfigurationName = Release;
		};
/* End XCConfigurationList section */
	};
	rootObject = 155F4DFD2770FE4F0075F8E5 /* Project object */;
}
