// !$*UTF8*$!
{
	archiveVersion = 1;
	classes = {
	};
	objectVersion = 55;
	objects = {

/* Begin PBXBuildFile section */
		15DA8B23277787020094B0BE /* AppDelegate.swift in Sources */ = {isa = PBXBuildFile; fileRef = 15DA8B22277787020094B0BE /* AppDelegate.swift */; };
		15DA8B25277787020094B0BE /* SceneDelegate.swift in Sources */ = {isa = PBXBuildFile; fileRef = 15DA8B24277787020094B0BE /* SceneDelegate.swift */; };
		15DA8B27277787020094B0BE /* ViewController.swift in Sources */ = {isa = PBXBuildFile; fileRef = 15DA8B26277787020094B0BE /* ViewController.swift */; };
		15DA8B2A277787020094B0BE /* Main.storyboard in Resources */ = {isa = PBXBuildFile; fileRef = 15DA8B28277787020094B0BE /* Main.storyboard */; };
		15DA8B2C277787020094B0BE /* Assets.xcassets in Resources */ = {isa = PBXBuildFile; fileRef = 15DA8B2B277787020094B0BE /* Assets.xcassets */; };
		15DA8B2F277787020094B0BE /* LaunchScreen.storyboard in Resources */ = {isa = PBXBuildFile; fileRef = 15DA8B2D277787020094B0BE /* LaunchScreen.storyboard */; };
		15DA8B3A277787020094B0BE /* VIPERUsageTests.swift in Sources */ = {isa = PBXBuildFile; fileRef = 15DA8B39277787020094B0BE /* VIPERUsageTests.swift */; };
		15DA8B44277787020094B0BE /* VIPERUsageUITests.swift in Sources */ = {isa = PBXBuildFile; fileRef = 15DA8B43277787020094B0BE /* VIPERUsageUITests.swift */; };
		15DA8B46277787020094B0BE /* VIPERUsageUITestsLaunchTests.swift in Sources */ = {isa = PBXBuildFile; fileRef = 15DA8B45277787020094B0BE /* VIPERUsageUITestsLaunchTests.swift */; };
		15DA8B59277790440094B0BE /* Protocols.swift in Sources */ = {isa = PBXBuildFile; fileRef = 15DA8B58277790440094B0BE /* Protocols.swift */; };
		15DA8B5B277798E50094B0BE /* Interactor.swift in Sources */ = {isa = PBXBuildFile; fileRef = 15DA8B5A277798E50094B0BE /* Interactor.swift */; };
		15DA8B5D27779A1A0094B0BE /* Presenter.swift in Sources */ = {isa = PBXBuildFile; fileRef = 15DA8B5C27779A1A0094B0BE /* Presenter.swift */; };
		15DA8B5F27779D1F0094B0BE /* Router.swift in Sources */ = {isa = PBXBuildFile; fileRef = 15DA8B5E27779D1F0094B0BE /* Router.swift */; };
/* End PBXBuildFile section */

/* Begin PBXContainerItemProxy section */
		15DA8B36277787020094B0BE /* PBXContainerItemProxy */ = {
			isa = PBXContainerItemProxy;
			containerPortal = 15DA8B17277787020094B0BE /* Project object */;
			proxyType = 1;
			remoteGlobalIDString = 15DA8B1E277787020094B0BE;
			remoteInfo = VIPERUsage;
		};
		15DA8B40277787020094B0BE /* PBXContainerItemProxy */ = {
			isa = PBXContainerItemProxy;
			containerPortal = 15DA8B17277787020094B0BE /* Project object */;
			proxyType = 1;
			remoteGlobalIDString = 15DA8B1E277787020094B0BE;
			remoteInfo = VIPERUsage;
		};
/* End PBXContainerItemProxy section */

/* Begin PBXFileReference section */
		15DA8B1F277787020094B0BE /* VIPERUsage.app */ = {isa = PBXFileReference; explicitFileType = wrapper.application; includeInIndex = 0; path = VIPERUsage.app; sourceTree = BUILT_PRODUCTS_DIR; };
		15DA8B22277787020094B0BE /* AppDelegate.swift */ = {isa = PBXFileReference; lastKnownFileType = sourcecode.swift; path = AppDelegate.swift; sourceTree = "<group>"; };
		15DA8B24277787020094B0BE /* SceneDelegate.swift */ = {isa = PBXFileReference; lastKnownFileType = sourcecode.swift; path = SceneDelegate.swift; sourceTree = "<group>"; };
		15DA8B26277787020094B0BE /* ViewController.swift */ = {isa = PBXFileReference; lastKnownFileType = sourcecode.swift; path = ViewController.swift; sourceTree = "<group>"; };
		15DA8B29277787020094B0BE /* Base */ = {isa = PBXFileReference; lastKnownFileType = file.storyboard; name = Base; path = Base.lproj/Main.storyboard; sourceTree = "<group>"; };
		15DA8B2B277787020094B0BE /* Assets.xcassets */ = {isa = PBXFileReference; lastKnownFileType = folder.assetcatalog; path = Assets.xcassets; sourceTree = "<group>"; };
		15DA8B2E277787020094B0BE /* Base */ = {isa = PBXFileReference; lastKnownFileType = file.storyboard; name = Base; path = Base.lproj/LaunchScreen.storyboard; sourceTree = "<group>"; };
		15DA8B30277787020094B0BE /* Info.plist */ = {isa = PBXFileReference; lastKnownFileType = text.plist.xml; path = Info.plist; sourceTree = "<group>"; };
		15DA8B35277787020094B0BE /* VIPERUsageTests.xctest */ = {isa = PBXFileReference; explicitFileType = wrapper.cfbundle; includeInIndex = 0; path = VIPERUsageTests.xctest; sourceTree = BUILT_PRODUCTS_DIR; };
		15DA8B39277787020094B0BE /* VIPERUsageTests.swift */ = {isa = PBXFileReference; lastKnownFileType = sourcecode.swift; path = VIPERUsageTests.swift; sourceTree = "<group>"; };
		15DA8B3F277787020094B0BE /* VIPERUsageUITests.xctest */ = {isa = PBXFileReference; explicitFileType = wrapper.cfbundle; includeInIndex = 0; path = VIPERUsageUITests.xctest; sourceTree = BUILT_PRODUCTS_DIR; };
		15DA8B43277787020094B0BE /* VIPERUsageUITests.swift */ = {isa = PBXFileReference; lastKnownFileType = sourcecode.swift; path = VIPERUsageUITests.swift; sourceTree = "<group>"; };
		15DA8B45277787020094B0BE /* VIPERUsageUITestsLaunchTests.swift */ = {isa = PBXFileReference; lastKnownFileType = sourcecode.swift; path = VIPERUsageUITestsLaunchTests.swift; sourceTree = "<group>"; };
		15DA8B58277790440094B0BE /* Protocols.swift */ = {isa = PBXFileReference; lastKnownFileType = sourcecode.swift; path = Protocols.swift; sourceTree = "<group>"; };
		15DA8B5A277798E50094B0BE /* Interactor.swift */ = {isa = PBXFileReference; lastKnownFileType = sourcecode.swift; path = Interactor.swift; sourceTree = "<group>"; };
		15DA8B5C27779A1A0094B0BE /* Presenter.swift */ = {isa = PBXFileReference; lastKnownFileType = sourcecode.swift; path = Presenter.swift; sourceTree = "<group>"; };
		15DA8B5E27779D1F0094B0BE /* Router.swift */ = {isa = PBXFileReference; lastKnownFileType = sourcecode.swift; path = Router.swift; sourceTree = "<group>"; };
/* End PBXFileReference section */

/* Begin PBXFrameworksBuildPhase section */
		15DA8B1C277787020094B0BE /* Frameworks */ = {
			isa = PBXFrameworksBuildPhase;
			buildActionMask = 2147483647;
			files = (
			);
			runOnlyForDeploymentPostprocessing = 0;
		};
		15DA8B32277787020094B0BE /* Frameworks */ = {
			isa = PBXFrameworksBuildPhase;
			buildActionMask = 2147483647;
			files = (
			);
			runOnlyForDeploymentPostprocessing = 0;
		};
		15DA8B3C277787020094B0BE /* Frameworks */ = {
			isa = PBXFrameworksBuildPhase;
			buildActionMask = 2147483647;
			files = (
			);
			runOnlyForDeploymentPostprocessing = 0;
		};
/* End PBXFrameworksBuildPhase section */

/* Begin PBXGroup section */
		15DA8B16277787020094B0BE = {
			isa = PBXGroup;
			children = (
				15DA8B21277787020094B0BE /* VIPERUsage */,
				15DA8B38277787020094B0BE /* VIPERUsageTests */,
				15DA8B42277787020094B0BE /* VIPERUsageUITests */,
				15DA8B20277787020094B0BE /* Products */,
			);
			sourceTree = "<group>";
		};
		15DA8B20277787020094B0BE /* Products */ = {
			isa = PBXGroup;
			children = (
				15DA8B1F277787020094B0BE /* VIPERUsage.app */,
				15DA8B35277787020094B0BE /* VIPERUsageTests.xctest */,
				15DA8B3F277787020094B0BE /* VIPERUsageUITests.xctest */,
			);
			name = Products;
			sourceTree = "<group>";
		};
		15DA8B21277787020094B0BE /* VIPERUsage */ = {
			isa = PBXGroup;
			children = (
				15DA8B22277787020094B0BE /* AppDelegate.swift */,
				15DA8B24277787020094B0BE /* SceneDelegate.swift */,
				15DA8B5227778BB70094B0BE /* anasayfa-module */,
				15DA8B28277787020094B0BE /* Main.storyboard */,
				15DA8B2B277787020094B0BE /* Assets.xcassets */,
				15DA8B2D277787020094B0BE /* LaunchScreen.storyboard */,
				15DA8B30277787020094B0BE /* Info.plist */,
			);
			path = VIPERUsage;
			sourceTree = "<group>";
		};
		15DA8B38277787020094B0BE /* VIPERUsageTests */ = {
			isa = PBXGroup;
			children = (
				15DA8B39277787020094B0BE /* VIPERUsageTests.swift */,
			);
			path = VIPERUsageTests;
			sourceTree = "<group>";
		};
		15DA8B42277787020094B0BE /* VIPERUsageUITests */ = {
			isa = PBXGroup;
			children = (
				15DA8B43277787020094B0BE /* VIPERUsageUITests.swift */,
				15DA8B45277787020094B0BE /* VIPERUsageUITestsLaunchTests.swift */,
			);
			path = VIPERUsageUITests;
			sourceTree = "<group>";
		};
		15DA8B5227778BB70094B0BE /* anasayfa-module */ = {
			isa = PBXGroup;
			children = (
				15DA8B5327778BD60094B0BE /* view */,
				15DA8B5427778BE70094B0BE /* presenter */,
				15DA8B5527778BFB0094B0BE /* interactor */,
				15DA8B5627778C0A0094B0BE /* router */,
				15DA8B5727778C150094B0BE /* protocols */,
			);
			path = "anasayfa-module";
			sourceTree = "<group>";
		};
		15DA8B5327778BD60094B0BE /* view */ = {
			isa = PBXGroup;
			children = (
				15DA8B26277787020094B0BE /* ViewController.swift */,
			);
			path = view;
			sourceTree = "<group>";
		};
		15DA8B5427778BE70094B0BE /* presenter */ = {
			isa = PBXGroup;
			children = (
				15DA8B5C27779A1A0094B0BE /* Presenter.swift */,
			);
			path = presenter;
			sourceTree = "<group>";
		};
		15DA8B5527778BFB0094B0BE /* interactor */ = {
			isa = PBXGroup;
			children = (
				15DA8B5A277798E50094B0BE /* Interactor.swift */,
			);
			path = interactor;
			sourceTree = "<group>";
		};
		15DA8B5627778C0A0094B0BE /* router */ = {
			isa = PBXGroup;
			children = (
				15DA8B5E27779D1F0094B0BE /* Router.swift */,
			);
			path = router;
			sourceTree = "<group>";
		};
		15DA8B5727778C150094B0BE /* protocols */ = {
			isa = PBXGroup;
			children = (
				15DA8B58277790440094B0BE /* Protocols.swift */,
			);
			path = protocols;
			sourceTree = "<group>";
		};
/* End PBXGroup section */

/* Begin PBXNativeTarget section */
		15DA8B1E277787020094B0BE /* VIPERUsage */ = {
			isa = PBXNativeTarget;
			buildConfigurationList = 15DA8B49277787020094B0BE /* Build configuration list for PBXNativeTarget "VIPERUsage" */;
			buildPhases = (
				15DA8B1B277787020094B0BE /* Sources */,
				15DA8B1C277787020094B0BE /* Frameworks */,
				15DA8B1D277787020094B0BE /* Resources */,
			);
			buildRules = (
			);
			dependencies = (
			);
			name = VIPERUsage;
			productName = VIPERUsage;
			productReference = 15DA8B1F277787020094B0BE /* VIPERUsage.app */;
			productType = "com.apple.product-type.application";
		};
		15DA8B34277787020094B0BE /* VIPERUsageTests */ = {
			isa = PBXNativeTarget;
			buildConfigurationList = 15DA8B4C277787020094B0BE /* Build configuration list for PBXNativeTarget "VIPERUsageTests" */;
			buildPhases = (
				15DA8B31277787020094B0BE /* Sources */,
				15DA8B32277787020094B0BE /* Frameworks */,
				15DA8B33277787020094B0BE /* Resources */,
			);
			buildRules = (
			);
			dependencies = (
				15DA8B37277787020094B0BE /* PBXTargetDependency */,
			);
			name = VIPERUsageTests;
			productName = VIPERUsageTests;
			productReference = 15DA8B35277787020094B0BE /* VIPERUsageTests.xctest */;
			productType = "com.apple.product-type.bundle.unit-test";
		};
		15DA8B3E277787020094B0BE /* VIPERUsageUITests */ = {
			isa = PBXNativeTarget;
			buildConfigurationList = 15DA8B4F277787020094B0BE /* Build configuration list for PBXNativeTarget "VIPERUsageUITests" */;
			buildPhases = (
				15DA8B3B277787020094B0BE /* Sources */,
				15DA8B3C277787020094B0BE /* Frameworks */,
				15DA8B3D277787020094B0BE /* Resources */,
			);
			buildRules = (
			);
			dependencies = (
				15DA8B41277787020094B0BE /* PBXTargetDependency */,
			);
			name = VIPERUsageUITests;
			productName = VIPERUsageUITests;
			productReference = 15DA8B3F277787020094B0BE /* VIPERUsageUITests.xctest */;
			productType = "com.apple.product-type.bundle.ui-testing";
		};
/* End PBXNativeTarget section */

/* Begin PBXProject section */
		15DA8B17277787020094B0BE /* Project object */ = {
			isa = PBXProject;
			attributes = {
				BuildIndependentTargetsInParallel = 1;
				LastSwiftUpdateCheck = 1320;
				LastUpgradeCheck = 1320;
				TargetAttributes = {
					15DA8B1E277787020094B0BE = {
						CreatedOnToolsVersion = 13.2;
					};
					15DA8B34277787020094B0BE = {
						CreatedOnToolsVersion = 13.2;
						TestTargetID = 15DA8B1E277787020094B0BE;
					};
					15DA8B3E277787020094B0BE = {
						CreatedOnToolsVersion = 13.2;
						TestTargetID = 15DA8B1E277787020094B0BE;
					};
				};
			};
			buildConfigurationList = 15DA8B1A277787020094B0BE /* Build configuration list for PBXProject "VIPERUsage" */;
			compatibilityVersion = "Xcode 13.0";
			developmentRegion = en;
			hasScannedForEncodings = 0;
			knownRegions = (
				en,
				Base,
			);
			mainGroup = 15DA8B16277787020094B0BE;
			productRefGroup = 15DA8B20277787020094B0BE /* Products */;
			projectDirPath = "";
			projectRoot = "";
			targets = (
				15DA8B1E277787020094B0BE /* VIPERUsage */,
				15DA8B34277787020094B0BE /* VIPERUsageTests */,
				15DA8B3E277787020094B0BE /* VIPERUsageUITests */,
			);
		};
/* End PBXProject section */

/* Begin PBXResourcesBuildPhase section */
		15DA8B1D277787020094B0BE /* Resources */ = {
			isa = PBXResourcesBuildPhase;
			buildActionMask = 2147483647;
			files = (
				15DA8B2F277787020094B0BE /* LaunchScreen.storyboard in Resources */,
				15DA8B2C277787020094B0BE /* Assets.xcassets in Resources */,
				15DA8B2A277787020094B0BE /* Main.storyboard in Resources */,
			);
			runOnlyForDeploymentPostprocessing = 0;
		};
		15DA8B33277787020094B0BE /* Resources */ = {
			isa = PBXResourcesBuildPhase;
			buildActionMask = 2147483647;
			files = (
			);
			runOnlyForDeploymentPostprocessing = 0;
		};
		15DA8B3D277787020094B0BE /* Resources */ = {
			isa = PBXResourcesBuildPhase;
			buildActionMask = 2147483647;
			files = (
			);
			runOnlyForDeploymentPostprocessing = 0;
		};
/* End PBXResourcesBuildPhase section */

/* Begin PBXSourcesBuildPhase section */
		15DA8B1B277787020094B0BE /* Sources */ = {
			isa = PBXSourcesBuildPhase;
			buildActionMask = 2147483647;
			files = (
				15DA8B5D27779A1A0094B0BE /* Presenter.swift in Sources */,
				15DA8B27277787020094B0BE /* ViewController.swift in Sources */,
				15DA8B23277787020094B0BE /* AppDelegate.swift in Sources */,
				15DA8B5F27779D1F0094B0BE /* Router.swift in Sources */,
				15DA8B5B277798E50094B0BE /* Interactor.swift in Sources */,
				15DA8B25277787020094B0BE /* SceneDelegate.swift in Sources */,
				15DA8B59277790440094B0BE /* Protocols.swift in Sources */,
			);
			runOnlyForDeploymentPostprocessing = 0;
		};
		15DA8B31277787020094B0BE /* Sources */ = {
			isa = PBXSourcesBuildPhase;
			buildActionMask = 2147483647;
			files = (
				15DA8B3A277787020094B0BE /* VIPERUsageTests.swift in Sources */,
			);
			runOnlyForDeploymentPostprocessing = 0;
		};
		15DA8B3B277787020094B0BE /* Sources */ = {
			isa = PBXSourcesBuildPhase;
			buildActionMask = 2147483647;
			files = (
				15DA8B44277787020094B0BE /* VIPERUsageUITests.swift in Sources */,
				15DA8B46277787020094B0BE /* VIPERUsageUITestsLaunchTests.swift in Sources */,
			);
			runOnlyForDeploymentPostprocessing = 0;
		};
/* End PBXSourcesBuildPhase section */

/* Begin PBXTargetDependency section */
		15DA8B37277787020094B0BE /* PBXTargetDependency */ = {
			isa = PBXTargetDependency;
			target = 15DA8B1E277787020094B0BE /* VIPERUsage */;
			targetProxy = 15DA8B36277787020094B0BE /* PBXContainerItemProxy */;
		};
		15DA8B41277787020094B0BE /* PBXTargetDependency */ = {
			isa = PBXTargetDependency;
			target = 15DA8B1E277787020094B0BE /* VIPERUsage */;
			targetProxy = 15DA8B40277787020094B0BE /* PBXContainerItemProxy */;
		};
/* End PBXTargetDependency section */

/* Begin PBXVariantGroup section */
		15DA8B28277787020094B0BE /* Main.storyboard */ = {
			isa = PBXVariantGroup;
			children = (
				15DA8B29277787020094B0BE /* Base */,
			);
			name = Main.storyboard;
			sourceTree = "<group>";
		};
		15DA8B2D277787020094B0BE /* LaunchScreen.storyboard */ = {
			isa = PBXVariantGroup;
			children = (
				15DA8B2E277787020094B0BE /* Base */,
			);
			name = LaunchScreen.storyboard;
			sourceTree = "<group>";
		};
/* End PBXVariantGroup section */

/* Begin XCBuildConfiguration section */
		15DA8B47277787020094B0BE /* Debug */ = {
			isa = XCBuildConfiguration;
			buildSettings = {
				ALWAYS_SEARCH_USER_PATHS = NO;
				CLANG_ANALYZER_NONNULL = YES;
				CLANG_ANALYZER_NUMBER_OBJECT_CONVERSION = YES_AGGRESSIVE;
				CLANG_CXX_LANGUAGE_STANDARD = "gnu++17";
				CLANG_CXX_LIBRARY = "libc++";
				CLANG_ENABLE_MODULES = YES;
				CLANG_ENABLE_OBJC_ARC = YES;
				CLANG_ENABLE_OBJC_WEAK = YES;
				CLANG_WARN_BLOCK_CAPTURE_AUTORELEASING = YES;
				CLANG_WARN_BOOL_CONVERSION = YES;
				CLANG_WARN_COMMA = YES;
				CLANG_WARN_CONSTANT_CONVERSION = YES;
				CLANG_WARN_DEPRECATED_OBJC_IMPLEMENTATIONS = YES;
				CLANG_WARN_DIRECT_OBJC_ISA_USAGE = YES_ERROR;
				CLANG_WARN_DOCUMENTATION_COMMENTS = YES;
				CLANG_WARN_EMPTY_BODY = YES;
				CLANG_WARN_ENUM_CONVERSION = YES;
				CLANG_WARN_INFINITE_RECURSION = YES;
				CLANG_WARN_INT_CONVERSION = YES;
				CLANG_WARN_NON_LITERAL_NULL_CONVERSION = YES;
				CLANG_WARN_OBJC_IMPLICIT_RETAIN_SELF = YES;
				CLANG_WARN_OBJC_LITERAL_CONVERSION = YES;
				CLANG_WARN_OBJC_ROOT_CLASS = YES_ERROR;
				CLANG_WARN_QUOTED_INCLUDE_IN_FRAMEWORK_HEADER = YES;
				CLANG_WARN_RANGE_LOOP_ANALYSIS = YES;
				CLANG_WARN_STRICT_PROTOTYPES = YES;
				CLANG_WARN_SUSPICIOUS_MOVE = YES;
				CLANG_WARN_UNGUARDED_AVAILABILITY = YES_AGGRESSIVE;
				CLANG_WARN_UNREACHABLE_CODE = YES;
				CLANG_WARN__DUPLICATE_METHOD_MATCH = YES;
				COPY_PHASE_STRIP = NO;
				DEBUG_INFORMATION_FORMAT = dwarf;
				ENABLE_STRICT_OBJC_MSGSEND = YES;
				ENABLE_TESTABILITY = YES;
				GCC_C_LANGUAGE_STANDARD = gnu11;
				GCC_DYNAMIC_NO_PIC = NO;
				GCC_NO_COMMON_BLOCKS = YES;
				GCC_OPTIMIZATION_LEVEL = 0;
				GCC_PREPROCESSOR_DEFINITIONS = (
					"DEBUG=1",
					"$(inherited)",
				);
				GCC_WARN_64_TO_32_BIT_CONVERSION = YES;
				GCC_WARN_ABOUT_RETURN_TYPE = YES_ERROR;
				GCC_WARN_UNDECLARED_SELECTOR = YES;
				GCC_WARN_UNINITIALIZED_AUTOS = YES_AGGRESSIVE;
				GCC_WARN_UNUSED_FUNCTION = YES;
				GCC_WARN_UNUSED_VARIABLE = YES;
				IPHONEOS_DEPLOYMENT_TARGET = 15.2;
				MTL_ENABLE_DEBUG_INFO = INCLUDE_SOURCE;
				MTL_FAST_MATH = YES;
				ONLY_ACTIVE_ARCH = YES;
				SDKROOT = iphoneos;
				SWIFT_ACTIVE_COMPILATION_CONDITIONS = DEBUG;
				SWIFT_OPTIMIZATION_LEVEL = "-Onone";
			};
			name = Debug;
		};
		15DA8B48277787020094B0BE /* Release */ = {
			isa = XCBuildConfiguration;
			buildSettings = {
				ALWAYS_SEARCH_USER_PATHS = NO;
				CLANG_ANALYZER_NONNULL = YES;
				CLANG_ANALYZER_NUMBER_OBJECT_CONVERSION = YES_AGGRESSIVE;
				CLANG_CXX_LANGUAGE_STANDARD = "gnu++17";
				CLANG_CXX_LIBRARY = "libc++";
				CLANG_ENABLE_MODULES = YES;
				CLANG_ENABLE_OBJC_ARC = YES;
				CLANG_ENABLE_OBJC_WEAK = YES;
				CLANG_WARN_BLOCK_CAPTURE_AUTORELEASING = YES;
				CLANG_WARN_BOOL_CONVERSION = YES;
				CLANG_WARN_COMMA = YES;
				CLANG_WARN_CONSTANT_CONVERSION = YES;
				CLANG_WARN_DEPRECATED_OBJC_IMPLEMENTATIONS = YES;
				CLANG_WARN_DIRECT_OBJC_ISA_USAGE = YES_ERROR;
				CLANG_WARN_DOCUMENTATION_COMMENTS = YES;
				CLANG_WARN_EMPTY_BODY = YES;
				CLANG_WARN_ENUM_CONVERSION = YES;
				CLANG_WARN_INFINITE_RECURSION = YES;
				CLANG_WARN_INT_CONVERSION = YES;
				CLANG_WARN_NON_LITERAL_NULL_CONVERSION = YES;
				CLANG_WARN_OBJC_IMPLICIT_RETAIN_SELF = YES;
				CLANG_WARN_OBJC_LITERAL_CONVERSION = YES;
				CLANG_WARN_OBJC_ROOT_CLASS = YES_ERROR;
				CLANG_WARN_QUOTED_INCLUDE_IN_FRAMEWORK_HEADER = YES;
				CLANG_WARN_RANGE_LOOP_ANALYSIS = YES;
				CLANG_WARN_STRICT_PROTOTYPES = YES;
				CLANG_WARN_SUSPICIOUS_MOVE = YES;
				CLANG_WARN_UNGUARDED_AVAILABILITY = YES_AGGRESSIVE;
				CLANG_WARN_UNREACHABLE_CODE = YES;
				CLANG_WARN__DUPLICATE_METHOD_MATCH = YES;
				COPY_PHASE_STRIP = NO;
				DEBUG_INFORMATION_FORMAT = "dwarf-with-dsym";
				ENABLE_NS_ASSERTIONS = NO;
				ENABLE_STRICT_OBJC_MSGSEND = YES;
				GCC_C_LANGUAGE_STANDARD = gnu11;
				GCC_NO_COMMON_BLOCKS = YES;
				GCC_WARN_64_TO_32_BIT_CONVERSION = YES;
				GCC_WARN_ABOUT_RETURN_TYPE = YES_ERROR;
				GCC_WARN_UNDECLARED_SELECTOR = YES;
				GCC_WARN_UNINITIALIZED_AUTOS = YES_AGGRESSIVE;
				GCC_WARN_UNUSED_FUNCTION = YES;
				GCC_WARN_UNUSED_VARIABLE = YES;
				IPHONEOS_DEPLOYMENT_TARGET = 15.2;
				MTL_ENABLE_DEBUG_INFO = NO;
				MTL_FAST_MATH = YES;
				SDKROOT = iphoneos;
				SWIFT_COMPILATION_MODE = wholemodule;
				SWIFT_OPTIMIZATION_LEVEL = "-O";
				VALIDATE_PRODUCT = YES;
			};
			name = Release;
		};
		15DA8B4A277787020094B0BE /* Debug */ = {
			isa = XCBuildConfiguration;
			buildSettings = {
				ASSETCATALOG_COMPILER_APPICON_NAME = AppIcon;
				ASSETCATALOG_COMPILER_GLOBAL_ACCENT_COLOR_NAME = AccentColor;
				CODE_SIGN_STYLE = Automatic;
				CURRENT_PROJECT_VERSION = 1;
				GENERATE_INFOPLIST_FILE = YES;
				INFOPLIST_FILE = VIPERUsage/Info.plist;
				INFOPLIST_KEY_UIApplicationSupportsIndirectInputEvents = YES;
				INFOPLIST_KEY_UILaunchStoryboardName = LaunchScreen;
				INFOPLIST_KEY_UIMainStoryboardFile = Main;
				INFOPLIST_KEY_UISupportedInterfaceOrientations_iPad = "UIInterfaceOrientationPortrait UIInterfaceOrientationPortraitUpsideDown UIInterfaceOrientationLandscapeLeft UIInterfaceOrientationLandscapeRight";
				INFOPLIST_KEY_UISupportedInterfaceOrientations_iPhone = "UIInterfaceOrientationPortrait UIInterfaceOrientationLandscapeLeft UIInterfaceOrientationLandscapeRight";
				LD_RUNPATH_SEARCH_PATHS = (
					"$(inherited)",
					"@executable_path/Frameworks",
				);
				MARKETING_VERSION = 1.0;
				PRODUCT_BUNDLE_IDENTIFIER = thicapps.VIPERUsage;
				PRODUCT_NAME = "$(TARGET_NAME)";
				SWIFT_EMIT_LOC_STRINGS = YES;
				SWIFT_VERSION = 5.0;
				TARGETED_DEVICE_FAMILY = "1,2";
			};
			name = Debug;
		};
		15DA8B4B277787020094B0BE /* Release */ = {
			isa = XCBuildConfiguration;
			buildSettings = {
				ASSETCATALOG_COMPILER_APPICON_NAME = AppIcon;
				ASSETCATALOG_COMPILER_GLOBAL_ACCENT_COLOR_NAME = AccentColor;
				CODE_SIGN_STYLE = Automatic;
				CURRENT_PROJECT_VERSION = 1;
				GENERATE_INFOPLIST_FILE = YES;
				INFOPLIST_FILE = VIPERUsage/Info.plist;
				INFOPLIST_KEY_UIApplicationSupportsIndirectInputEvents = YES;
				INFOPLIST_KEY_UILaunchStoryboardName = LaunchScreen;
				INFOPLIST_KEY_UIMainStoryboardFile = Main;
				INFOPLIST_KEY_UISupportedInterfaceOrientations_iPad = "UIInterfaceOrientationPortrait UIInterfaceOrientationPortraitUpsideDown UIInterfaceOrientationLandscapeLeft UIInterfaceOrientationLandscapeRight";
				INFOPLIST_KEY_UISupportedInterfaceOrientations_iPhone = "UIInterfaceOrientationPortrait UIInterfaceOrientationLandscapeLeft UIInterfaceOrientationLandscapeRight";
				LD_RUNPATH_SEARCH_PATHS = (
					"$(inherited)",
					"@executable_path/Frameworks",
				);
				MARKETING_VERSION = 1.0;
				PRODUCT_BUNDLE_IDENTIFIER = thicapps.VIPERUsage;
				PRODUCT_NAME = "$(TARGET_NAME)";
				SWIFT_EMIT_LOC_STRINGS = YES;
				SWIFT_VERSION = 5.0;
				TARGETED_DEVICE_FAMILY = "1,2";
			};
			name = Release;
		};
		15DA8B4D277787020094B0BE /* Debug */ = {
			isa = XCBuildConfiguration;
			buildSettings = {
				ALWAYS_EMBED_SWIFT_STANDARD_LIBRARIES = YES;
				BUNDLE_LOADER = "$(TEST_HOST)";
				CODE_SIGN_STYLE = Automatic;
				CURRENT_PROJECT_VERSION = 1;
				GENERATE_INFOPLIST_FILE = YES;
				IPHONEOS_DEPLOYMENT_TARGET = 15.2;
				MARKETING_VERSION = 1.0;
				PRODUCT_BUNDLE_IDENTIFIER = thicapps.VIPERUsageTests;
				PRODUCT_NAME = "$(TARGET_NAME)";
				SWIFT_EMIT_LOC_STRINGS = NO;
				SWIFT_VERSION = 5.0;
				TARGETED_DEVICE_FAMILY = "1,2";
				TEST_HOST = "$(BUILT_PRODUCTS_DIR)/VIPERUsage.app/VIPERUsage";
			};
			name = Debug;
		};
		15DA8B4E277787020094B0BE /* Release */ = {
			isa = XCBuildConfiguration;
			buildSettings = {
				ALWAYS_EMBED_SWIFT_STANDARD_LIBRARIES = YES;
				BUNDLE_LOADER = "$(TEST_HOST)";
				CODE_SIGN_STYLE = Automatic;
				CURRENT_PROJECT_VERSION = 1;
				GENERATE_INFOPLIST_FILE = YES;
				IPHONEOS_DEPLOYMENT_TARGET = 15.2;
				MARKETING_VERSION = 1.0;
				PRODUCT_BUNDLE_IDENTIFIER = thicapps.VIPERUsageTests;
				PRODUCT_NAME = "$(TARGET_NAME)";
				SWIFT_EMIT_LOC_STRINGS = NO;
				SWIFT_VERSION = 5.0;
				TARGETED_DEVICE_FAMILY = "1,2";
				TEST_HOST = "$(BUILT_PRODUCTS_DIR)/VIPERUsage.app/VIPERUsage";
			};
			name = Release;
		};
		15DA8B50277787020094B0BE /* Debug */ = {
			isa = XCBuildConfiguration;
			buildSettings = {
				ALWAYS_EMBED_SWIFT_STANDARD_LIBRARIES = YES;
				CODE_SIGN_STYLE = Automatic;
				CURRENT_PROJECT_VERSION = 1;
				GENERATE_INFOPLIST_FILE = YES;
				MARKETING_VERSION = 1.0;
				PRODUCT_BUNDLE_IDENTIFIER = thicapps.VIPERUsageUITests;
				PRODUCT_NAME = "$(TARGET_NAME)";
				SWIFT_EMIT_LOC_STRINGS = NO;
				SWIFT_VERSION = 5.0;
				TARGETED_DEVICE_FAMILY = "1,2";
				TEST_TARGET_NAME = VIPERUsage;
			};
			name = Debug;
		};
		15DA8B51277787020094B0BE /* Release */ = {
			isa = XCBuildConfiguration;
			buildSettings = {
				ALWAYS_EMBED_SWIFT_STANDARD_LIBRARIES = YES;
				CODE_SIGN_STYLE = Automatic;
				CURRENT_PROJECT_VERSION = 1;
				GENERATE_INFOPLIST_FILE = YES;
				MARKETING_VERSION = 1.0;
				PRODUCT_BUNDLE_IDENTIFIER = thicapps.VIPERUsageUITests;
				PRODUCT_NAME = "$(TARGET_NAME)";
				SWIFT_EMIT_LOC_STRINGS = NO;
				SWIFT_VERSION = 5.0;
				TARGETED_DEVICE_FAMILY = "1,2";
				TEST_TARGET_NAME = VIPERUsage;
			};
			name = Release;
		};
/* End XCBuildConfiguration section */

/* Begin XCConfigurationList section */
		15DA8B1A277787020094B0BE /* Build configuration list for PBXProject "VIPERUsage" */ = {
			isa = XCConfigurationList;
			buildConfigurations = (
				15DA8B47277787020094B0BE /* Debug */,
				15DA8B48277787020094B0BE /* Release */,
			);
			defaultConfigurationIsVisible = 0;
			defaultConfigurationName = Release;
		};
		15DA8B49277787020094B0BE /* Build configuration list for PBXNativeTarget "VIPERUsage" */ = {
			isa = XCConfigurationList;
			buildConfigurations = (
				15DA8B4A277787020094B0BE /* Debug */,
				15DA8B4B277787020094B0BE /* Release */,
			);
			defaultConfigurationIsVisible = 0;
			defaultConfigurationName = Release;
		};
		15DA8B4C277787020094B0BE /* Build configuration list for PBXNativeTarget "VIPERUsageTests" */ = {
			isa = XCConfigurationList;
			buildConfigurations = (
				15DA8B4D277787020094B0BE /* Debug */,
				15DA8B4E277787020094B0BE /* Release */,
			);
			defaultConfigurationIsVisible = 0;
			defaultConfigurationName = Release;
		};
		15DA8B4F277787020094B0BE /* Build configuration list for PBXNativeTarget "VIPERUsageUITests" */ = {
			isa = XCConfigurationList;
			buildConfigurations = (
				15DA8B50277787020094B0BE /* Debug */,
				15DA8B51277787020094B0BE /* Release */,
			);
			defaultConfigurationIsVisible = 0;
			defaultConfigurationName = Release;
		};
/* End XCConfigurationList section */
	};
	rootObject = 15DA8B17277787020094B0BE /* Project object */;
}
